
Microsoft Visual Studio Solution File, Format Version 12.00
# Visual Studio Version 17
VisualStudioVersion = 17.0.31903.59
MinimumVisualStudioVersion = 10.0.40219.1
Project("{2150E333-8FDC-42A3-9474-1A3956D46DE8}") = "src", "src", "{827E0CD3-B72D-47B6-A68D-7590B98EB39B}"
EndProject
Project("{2150E333-8FDC-42A3-9474-1A3956D46DE8}") = "1.Core", "1.Core", "{603DB080-B2F3-179A-9D8D-4EAC9A4BF7F9}"
EndProject
Project("{2150E333-8FDC-42A3-9474-1A3956D46DE8}") = "2.Models", "2.Models", "{794C4A96-8E3C-2908-3642-442F6EBE3203}"
EndProject
Project("{2150E333-8FDC-42A3-9474-1A3956D46DE8}") = "3.Data", "3.Data", "{40292AF1-C35B-147B-B561-DB49114A8732}"
EndProject
Project("{2150E333-8FDC-42A3-9474-1A3956D46DE8}") = "4.Services", "4.Services", "{131D45D3-8FDD-C56F-8254-005FD01794CC}"
EndProject
Project("{2150E333-8FDC-42A3-9474-1A3956D46DE8}") = "5.Infrastructure", "5.Infrastructure", "{DD3276BC-B557-360D-7065-BDBA2A998033}"
EndProject
Project("{2150E333-8FDC-42A3-9474-1A3956D46DE8}") = "6.Messaging", "6.Messaging", "{572FC1A4-8AF7-AAA0-FB0E-18DD081EBE55}"
EndProject
Project("{2150E333-8FDC-42A3-9474-1A3956D46DE8}") = "tests", "tests", "{0AB3BF05-4346-4AA6-1389-037BE0695223}"
EndProject
Project("{FAE04EC0-301F-11D3-BF4B-00C04F79EFBC}") = "Atlas.Core.Tests", "tests\Atlas.Core.Tests\Atlas.Core.Tests.csproj", "{13C2223F-6447-4F19-B570-DB2DEBFDD790}"
EndProject
Project("{FAE04EC0-301F-11D3-BF4B-00C04F79EFBC}") = "Atlas.Data.Tests", "tests\Atlas.Data.Tests\Atlas.Data.Tests.csproj", "{43E8A985-1FC8-4EB5-89E8-353C5B4F8D91}"
EndProject
Project("{FAE04EC0-301F-11D3-BF4B-00C04F79EFBC}") = "Atlas.Services.Tests", "tests\Atlas.Services.Tests\Atlas.Services.Tests.csproj", "{8E835227-BC73-4E35-BAEC-5F55A34F13F2}"
EndProject
Project("{FAE04EC0-301F-11D3-BF4B-00C04F79EFBC}") = "Atlas.Integration.Tests", "tests\Atlas.Integration.Tests\Atlas.Integration.Tests.csproj", "{AA38D5A7-B087-4BAD-9642-75C9F126FEA3}"
EndProject
Project("{2150E333-8FDC-42A3-9474-1A3956D46DE8}") = "samples", "samples", "{5D20AA90-6969-D8BD-9DCD-8634F4692FDA}"
EndProject
Project("{FAE04EC0-301F-11D3-BF4B-00C04F79EFBC}") = "Atlas.Sample.WebApi", "samples\Atlas.Sample.WebApi\Atlas.Sample.WebApi.csproj", "{A6FECA44-E4C0-4C91-ADCA-E2741D52DA8E}"
EndProject
Project("{FAE04EC0-301F-11D3-BF4B-00C04F79EFBC}") = "Atlas.Sample.Console", "samples\Atlas.Sample.Console\Atlas.Sample.Console.csproj", "{D8FC98D0-0E03-42CD-BB1C-C3B4BE650DB0}"
EndProject
Project("{2150E333-8FDC-42A3-9474-1A3956D46DE8}") = "7.Extensions", "7.Extensions", "{02EA681E-C7D8-13C7-8484-4AC65E1B71E8}"
EndProject
Project("{2150E333-8FDC-42A3-9474-1A3956D46DE8}") = "8.Application", "8.Application", "{2F5BF320-EE22-4460-96D2-AAD387D0D453}"
EndProject
Project("{2150E333-8FDC-42A3-9474-1A3956D46DE8}") = "8.1.WebApi", "8.1.WebApi", "{3A3BC3A6-93C4-41A7-9E51-6788ECF257F5}"
EndProject
Project("{2150E333-8FDC-42A3-9474-1A3956D46DE8}") = "8.2.BackgroundServices", "8.2.BackgroundServices", "{6E718AEF-83BF-4DE5-BDF1-A8497DF12D68}"
EndProject
Project("{2150E333-8FDC-42A3-9474-1A3956D46DE8}") = "8.3.Jobs", "8.3.Jobs", "{9D8517F1-FD7F-44E9-B0F3-417E59DF3462}"
EndProject
Project("{2150E333-8FDC-42A3-9474-1A3956D46DE8}") = "8.4.Console", "8.4.Console", "{B22C25C4-3669-463B-A7B3-AEDDFA9E4550}"
EndProject
Project("{FAE04EC0-301F-11D3-BF4B-00C04F79EFBC}") = "Atlas.Core", "src\Atlas.Core\Atlas.Core.csproj", "{F1392744-B007-BF53-58C2-E5A75B9AB179}"
EndProject
Project("{FAE04EC0-301F-11D3-BF4B-00C04F79EFBC}") = "Atlas.Data.Global", "src\Atlas.Data.Global\Atlas.Data.Global.csproj", "{935E374B-678D-5A75-D116-73176704FDB7}"
EndProject
Project("{FAE04EC0-301F-11D3-BF4B-00C04F79EFBC}") = "Atlas.Data.Abstractions", "src\Atlas.Data.Abstractions\Atlas.Data.Abstractions.csproj", "{B4113209-60E0-B76A-12D5-92446849F043}"
EndProject
Project("{FAE04EC0-301F-11D3-BF4B-00C04F79EFBC}") = "Atlas.Data.Global.Migrations", "src\Atlas.Data.Global.Migrations\Atlas.Data.Global.Migrations.csproj", "{E08774F0-F93C-C7DF-C1BB-A5A50A27FE15}"
EndProject
Project("{FAE04EC0-301F-11D3-BF4B-00C04F79EFBC}") = "Atlas.Data.Tenant", "src\Atlas.Data.Tenant\Atlas.Data.Tenant.csproj", "{47AF9426-9C98-B09C-A3F4-4BA78A6F2F5A}"
EndProject
Project("{FAE04EC0-301F-11D3-BF4B-00C04F79EFBC}") = "Atlas.Data.Tenant.Migrations", "src\Atlas.Data.Tenant.Migrations\Atlas.Data.Tenant.Migrations.csproj", "{8045EBE6-902F-18A1-463E-21AF889B6587}"
EndProject
Project("{FAE04EC0-301F-11D3-BF4B-00C04F79EFBC}") = "Atlas.Services", "src\Atlas.Services\Atlas.Services.csproj", "{578CAF4C-5B3E-00B3-231E-BCADAA814CE6}"
EndProject
Project("{FAE04EC0-301F-11D3-BF4B-00C04F79EFBC}") = "Atlas.Infrastructure.Caching", "src\Atlas.Infrastructure.Caching\Atlas.Infrastructure.Caching.csproj", "{5A502EDB-203C-01B5-E020-0DD71D4F197C}"
EndProject
Project("{FAE04EC0-301F-11D3-BF4B-00C04F79EFBC}") = "Atlas.Infrastructure.Logging", "src\Atlas.Infrastructure.Logging\Atlas.Infrastructure.Logging.csproj", "{445E84B4-C803-ADD2-B810-E8260371AA05}"
EndProject
Project("{FAE04EC0-301F-11D3-BF4B-00C04F79EFBC}") = "Atlas.Infrastructure.Security", "src\Atlas.Infrastructure.Security\Atlas.Infrastructure.Security.csproj", "{383D16D9-2C61-E741-018C-3FF28C8BCC15}"
EndProject
Project("{FAE04EC0-301F-11D3-BF4B-00C04F79EFBC}") = "Atlas.Messaging.Abstractions", "src\Atlas.Messaging.Abstractions\Atlas.Messaging.Abstractions.csproj", "{18870C01-D536-71B9-273F-B41A0C96CB1C}"
EndProject
Project("{FAE04EC0-301F-11D3-BF4B-00C04F79EFBC}") = "Atlas.Extensions.DependencyInjection", "src\Atlas.Extensions.DependencyInjection\Atlas.Extensions.DependencyInjection.csproj", "{10586A58-C2EA-C153-416D-9D491605F499}"
EndProject
Project("{FAE04EC0-301F-11D3-BF4B-00C04F79EFBC}") = "Atlas.WebApi", "src\Atlas.WebApi\Atlas.WebApi.csproj", "{41A5739D-23B5-4D28-2D86-9270D78CD103}"
EndProject
Project("{FAE04EC0-301F-11D3-BF4B-00C04F79EFBC}") = "Atlas.Data.Common", "src\Atlas.Data.EntityFramework\Atlas.Data.Common.csproj", "{BB734BF6-C665-3D1A-9120-6516FEF08F63}"
EndProject
Project("{FAE04EC0-301F-11D3-BF4B-00C04F79EFBC}") = "Atlas.Models", "src\Atlas.Models.Tenant\Atlas.Models.csproj", "{A7266F79-BDBB-4803-AEA5-729636EA24E2}"
EndProject
Project("{FAE04EC0-301F-11D3-BF4B-00C04F79EFBC}") = "Atlas.Infrastructure.Common", "src\Atlas.Infrastructure.Common\Atlas.Infrastructure.Common.csproj", "{55C7F355-7BA5-46FF-8DB7-BCAA98DD5C63}"
EndProject
Project("{FAE04EC0-301F-11D3-BF4B-00C04F79EFBC}") = "Atlas.Services.Abstractions", "src\Atlas.Services.Abstractions\Atlas.Services.Abstractions.csproj", "{8D704C7E-7A98-B086-C363-B34FA177B43C}"
EndProject
Project("{FAE04EC0-301F-11D3-BF4B-00C04F79EFBC}") = "Atlas.Services.Tenant", "src\Atlas.Services.Tenant\Atlas.Services.Tenant.csproj", "{33EB943C-C168-418D-863E-19CCEE71D993}"
EndProject
Project("{2150E333-8FDC-42A3-9474-1A3956D46DE8}") = "tools", "tools", "{07C2787E-EAC7-C090-1BA3-A61EC2A24D84}"
EndProject
Project("{FAE04EC0-301F-11D3-BF4B-00C04F79EFBC}") = "Atlas.LocalSetup", "tools\Atlas.LocalSetup\Atlas.LocalSetup.csproj", "{AB51E388-0C07-4493-887B-17E47A0D506A}"
EndProject
Project("{FAE04EC0-301F-11D3-BF4B-00C04F79EFBC}") = "Atlas.Messaging.RabbitMQ", "src\Atlas.Messaging.RabbitMQ\Atlas.Messaging.RabbitMQ.csproj", "{109669F4-F26E-47F7-854D-A2B064B50D6B}"
EndProject
Project("{FAE04EC0-301F-11D3-BF4B-00C04F79EFBC}") = "Atlas.BackgroundTasks", "src\Atlas.BackgroundTasks\Atlas.BackgroundTasks.csproj", "{1C4BA948-0E87-4D0D-8B77-01F92A0FA656}"
EndProject
Project("{FAE04EC0-301F-11D3-BF4B-00C04F79EFBC}") = "Atlas.Consumers", "src\Atlas.Consumers\Atlas.Consumers.csproj", "{0BA70E78-8B25-43A7-AC67-D49A205FF32A}"
EndProject
Project("{FAE04EC0-301F-11D3-BF4B-00C04F79EFBC}") = "Atlas.Analyzers", "src\Atlas.Analyzers\Atlas.Analyzers.csproj", "{9619EB68-AA89-4625-BB43-BA79FA6E6617}"
EndProject
Project("{FAE04EC0-301F-11D3-BF4B-00C04F79EFBC}") = "Atlas.Worker", "src\Atlas.Worker\Atlas.Worker.csproj", "{D953C138-EF9F-443A-ACA3-7AC1D95DFC6E}"
EndProject
Project("{FAE04EC0-301F-11D3-BF4B-00C04F79EFBC}") = "Atlas.Models.Global", "src\Atlas.Models.Global\Atlas.Models.Global.csproj", "{5EB85D2E-E420-4074-A607-D3352F657307}"
EndProject
Project("{FAE04EC0-301F-11D3-BF4B-00C04F79EFBC}") = "Atlas.Analyzers.Tests", "tests\Atlas.Analyzers.Tests\Atlas.Analyzers.Tests.csproj", "{797D75CC-1EA1-40CF-8966-D23633853165}"
EndProject
Project("{FAE04EC0-301F-11D3-BF4B-00C04F79EFBC}") = "Atlas.Sample.ECommerce", "samples\Atlas.Sample.ECommerce\Atlas.Sample.ECommerce.csproj", "{277C9723-403B-4B24-8A30-35A2D67A4D1F}"
EndProject
Project("{FAE04EC0-301F-11D3-BF4B-00C04F79EFBC}") = "Atlas.MigrationJob", "src\Atlas.MigrationJob\Atlas.MigrationJob.csproj", "{34A09D0D-A152-46A9-A673-95CB56B69397}"
EndProject
Project("{FAE04EC0-301F-11D3-BF4B-00C04F79EFBC}") = "Atlas.Services.Tenant.Runtime", "src\Atlas.Services.Tenant.Runtime\Atlas.Services.Tenant.Runtime.csproj", "{75843038-B434-4E3C-B320-28BE5A9EE62C}"
EndProject
Global
	GlobalSection(SolutionConfigurationPlatforms) = preSolution
		Debug|Any CPU = Debug|Any CPU
		Debug|x64 = Debug|x64
		Debug|x86 = Debug|x86
		Release|Any CPU = Release|Any CPU
		Release|x64 = Release|x64
		Release|x86 = Release|x86
	EndGlobalSection
	GlobalSection(ProjectConfigurationPlatforms) = postSolution
		{13C2223F-6447-4F19-B570-DB2DEBFDD790}.Debug|Any CPU.ActiveCfg = Debug|Any CPU
		{13C2223F-6447-4F19-B570-DB2DEBFDD790}.Debug|Any CPU.Build.0 = Debug|Any CPU
		{13C2223F-6447-4F19-B570-DB2DEBFDD790}.Debug|x64.ActiveCfg = Debug|Any CPU
		{13C2223F-6447-4F19-B570-DB2DEBFDD790}.Debug|x64.Build.0 = Debug|Any CPU
		{13C2223F-6447-4F19-B570-DB2DEBFDD790}.Debug|x86.ActiveCfg = Debug|Any CPU
		{13C2223F-6447-4F19-B570-DB2DEBFDD790}.Debug|x86.Build.0 = Debug|Any CPU
		{13C2223F-6447-4F19-B570-DB2DEBFDD790}.Release|Any CPU.ActiveCfg = Release|Any CPU
		{13C2223F-6447-4F19-B570-DB2DEBFDD790}.Release|Any CPU.Build.0 = Release|Any CPU
		{13C2223F-6447-4F19-B570-DB2DEBFDD790}.Release|x64.ActiveCfg = Release|Any CPU
		{13C2223F-6447-4F19-B570-DB2DEBFDD790}.Release|x64.Build.0 = Release|Any CPU
		{13C2223F-6447-4F19-B570-DB2DEBFDD790}.Release|x86.ActiveCfg = Release|Any CPU
		{13C2223F-6447-4F19-B570-DB2DEBFDD790}.Release|x86.Build.0 = Release|Any CPU
		{43E8A985-1FC8-4EB5-89E8-353C5B4F8D91}.Debug|Any CPU.ActiveCfg = Debug|Any CPU
		{43E8A985-1FC8-4EB5-89E8-353C5B4F8D91}.Debug|Any CPU.Build.0 = Debug|Any CPU
		{43E8A985-1FC8-4EB5-89E8-353C5B4F8D91}.Debug|x64.ActiveCfg = Debug|Any CPU
		{43E8A985-1FC8-4EB5-89E8-353C5B4F8D91}.Debug|x64.Build.0 = Debug|Any CPU
		{43E8A985-1FC8-4EB5-89E8-353C5B4F8D91}.Debug|x86.ActiveCfg = Debug|Any CPU
		{43E8A985-1FC8-4EB5-89E8-353C5B4F8D91}.Debug|x86.Build.0 = Debug|Any CPU
		{43E8A985-1FC8-4EB5-89E8-353C5B4F8D91}.Release|Any CPU.ActiveCfg = Release|Any CPU
		{43E8A985-1FC8-4EB5-89E8-353C5B4F8D91}.Release|Any CPU.Build.0 = Release|Any CPU
		{43E8A985-1FC8-4EB5-89E8-353C5B4F8D91}.Release|x64.ActiveCfg = Release|Any CPU
		{43E8A985-1FC8-4EB5-89E8-353C5B4F8D91}.Release|x64.Build.0 = Release|Any CPU
		{43E8A985-1FC8-4EB5-89E8-353C5B4F8D91}.Release|x86.ActiveCfg = Release|Any CPU
		{43E8A985-1FC8-4EB5-89E8-353C5B4F8D91}.Release|x86.Build.0 = Release|Any CPU
		{8E835227-BC73-4E35-BAEC-5F55A34F13F2}.Debug|Any CPU.ActiveCfg = Debug|Any CPU
		{8E835227-BC73-4E35-BAEC-5F55A34F13F2}.Debug|Any CPU.Build.0 = Debug|Any CPU
		{8E835227-BC73-4E35-BAEC-5F55A34F13F2}.Debug|x64.ActiveCfg = Debug|Any CPU
		{8E835227-BC73-4E35-BAEC-5F55A34F13F2}.Debug|x64.Build.0 = Debug|Any CPU
		{8E835227-BC73-4E35-BAEC-5F55A34F13F2}.Debug|x86.ActiveCfg = Debug|Any CPU
		{8E835227-BC73-4E35-BAEC-5F55A34F13F2}.Debug|x86.Build.0 = Debug|Any CPU
		{8E835227-BC73-4E35-BAEC-5F55A34F13F2}.Release|Any CPU.ActiveCfg = Release|Any CPU
		{8E835227-BC73-4E35-BAEC-5F55A34F13F2}.Release|Any CPU.Build.0 = Release|Any CPU
		{8E835227-BC73-4E35-BAEC-5F55A34F13F2}.Release|x64.ActiveCfg = Release|Any CPU
		{8E835227-BC73-4E35-BAEC-5F55A34F13F2}.Release|x64.Build.0 = Release|Any CPU
		{8E835227-BC73-4E35-BAEC-5F55A34F13F2}.Release|x86.ActiveCfg = Release|Any CPU
		{8E835227-BC73-4E35-BAEC-5F55A34F13F2}.Release|x86.Build.0 = Release|Any CPU
		{AA38D5A7-B087-4BAD-9642-75C9F126FEA3}.Debug|Any CPU.ActiveCfg = Debug|Any CPU
		{AA38D5A7-B087-4BAD-9642-75C9F126FEA3}.Debug|Any CPU.Build.0 = Debug|Any CPU
		{AA38D5A7-B087-4BAD-9642-75C9F126FEA3}.Debug|x64.ActiveCfg = Debug|Any CPU
		{AA38D5A7-B087-4BAD-9642-75C9F126FEA3}.Debug|x64.Build.0 = Debug|Any CPU
		{AA38D5A7-B087-4BAD-9642-75C9F126FEA3}.Debug|x86.ActiveCfg = Debug|Any CPU
		{AA38D5A7-B087-4BAD-9642-75C9F126FEA3}.Debug|x86.Build.0 = Debug|Any CPU
		{AA38D5A7-B087-4BAD-9642-75C9F126FEA3}.Release|Any CPU.ActiveCfg = Release|Any CPU
		{AA38D5A7-B087-4BAD-9642-75C9F126FEA3}.Release|Any CPU.Build.0 = Release|Any CPU
		{AA38D5A7-B087-4BAD-9642-75C9F126FEA3}.Release|x64.ActiveCfg = Release|Any CPU
		{AA38D5A7-B087-4BAD-9642-75C9F126FEA3}.Release|x64.Build.0 = Release|Any CPU
		{AA38D5A7-B087-4BAD-9642-75C9F126FEA3}.Release|x86.ActiveCfg = Release|Any CPU
		{AA38D5A7-B087-4BAD-9642-75C9F126FEA3}.Release|x86.Build.0 = Release|Any CPU
		{A6FECA44-E4C0-4C91-ADCA-E2741D52DA8E}.Debug|Any CPU.ActiveCfg = Debug|Any CPU
		{A6FECA44-E4C0-4C91-ADCA-E2741D52DA8E}.Debug|Any CPU.Build.0 = Debug|Any CPU
		{A6FECA44-E4C0-4C91-ADCA-E2741D52DA8E}.Debug|x64.ActiveCfg = Debug|Any CPU
		{A6FECA44-E4C0-4C91-ADCA-E2741D52DA8E}.Debug|x64.Build.0 = Debug|Any CPU
		{A6FECA44-E4C0-4C91-ADCA-E2741D52DA8E}.Debug|x86.ActiveCfg = Debug|Any CPU
		{A6FECA44-E4C0-4C91-ADCA-E2741D52DA8E}.Debug|x86.Build.0 = Debug|Any CPU
		{A6FECA44-E4C0-4C91-ADCA-E2741D52DA8E}.Release|Any CPU.ActiveCfg = Release|Any CPU
		{A6FECA44-E4C0-4C91-ADCA-E2741D52DA8E}.Release|Any CPU.Build.0 = Release|Any CPU
		{A6FECA44-E4C0-4C91-ADCA-E2741D52DA8E}.Release|x64.ActiveCfg = Release|Any CPU
		{A6FECA44-E4C0-4C91-ADCA-E2741D52DA8E}.Release|x64.Build.0 = Release|Any CPU
		{A6FECA44-E4C0-4C91-ADCA-E2741D52DA8E}.Release|x86.ActiveCfg = Release|Any CPU
		{A6FECA44-E4C0-4C91-ADCA-E2741D52DA8E}.Release|x86.Build.0 = Release|Any CPU
		{D8FC98D0-0E03-42CD-BB1C-C3B4BE650DB0}.Debug|Any CPU.ActiveCfg = Debug|Any CPU
		{D8FC98D0-0E03-42CD-BB1C-C3B4BE650DB0}.Debug|Any CPU.Build.0 = Debug|Any CPU
		{D8FC98D0-0E03-42CD-BB1C-C3B4BE650DB0}.Debug|x64.ActiveCfg = Debug|Any CPU
		{D8FC98D0-0E03-42CD-BB1C-C3B4BE650DB0}.Debug|x64.Build.0 = Debug|Any CPU
		{D8FC98D0-0E03-42CD-BB1C-C3B4BE650DB0}.Debug|x86.ActiveCfg = Debug|Any CPU
		{D8FC98D0-0E03-42CD-BB1C-C3B4BE650DB0}.Debug|x86.Build.0 = Debug|Any CPU
		{D8FC98D0-0E03-42CD-BB1C-C3B4BE650DB0}.Release|Any CPU.ActiveCfg = Release|Any CPU
		{D8FC98D0-0E03-42CD-BB1C-C3B4BE650DB0}.Release|Any CPU.Build.0 = Release|Any CPU
		{D8FC98D0-0E03-42CD-BB1C-C3B4BE650DB0}.Release|x64.ActiveCfg = Release|Any CPU
		{D8FC98D0-0E03-42CD-BB1C-C3B4BE650DB0}.Release|x64.Build.0 = Release|Any CPU
		{D8FC98D0-0E03-42CD-BB1C-C3B4BE650DB0}.Release|x86.ActiveCfg = Release|Any CPU
		{D8FC98D0-0E03-42CD-BB1C-C3B4BE650DB0}.Release|x86.Build.0 = Release|Any CPU
		{F1392744-B007-BF53-58C2-E5A75B9AB179}.Debug|Any CPU.ActiveCfg = Debug|Any CPU
		{F1392744-B007-BF53-58C2-E5A75B9AB179}.Debug|Any CPU.Build.0 = Debug|Any CPU
		{F1392744-B007-BF53-58C2-E5A75B9AB179}.Debug|x64.ActiveCfg = Debug|Any CPU
		{F1392744-B007-BF53-58C2-E5A75B9AB179}.Debug|x64.Build.0 = Debug|Any CPU
		{F1392744-B007-BF53-58C2-E5A75B9AB179}.Debug|x86.ActiveCfg = Debug|Any CPU
		{F1392744-B007-BF53-58C2-E5A75B9AB179}.Debug|x86.Build.0 = Debug|Any CPU
		{F1392744-B007-BF53-58C2-E5A75B9AB179}.Release|Any CPU.ActiveCfg = Release|Any CPU
		{F1392744-B007-BF53-58C2-E5A75B9AB179}.Release|Any CPU.Build.0 = Release|Any CPU
		{F1392744-B007-BF53-58C2-E5A75B9AB179}.Release|x64.ActiveCfg = Release|Any CPU
		{F1392744-B007-BF53-58C2-E5A75B9AB179}.Release|x64.Build.0 = Release|Any CPU
		{F1392744-B007-BF53-58C2-E5A75B9AB179}.Release|x86.ActiveCfg = Release|Any CPU
		{F1392744-B007-BF53-58C2-E5A75B9AB179}.Release|x86.Build.0 = Release|Any CPU
		{935E374B-678D-5A75-D116-73176704FDB7}.Debug|Any CPU.ActiveCfg = Debug|Any CPU
		{935E374B-678D-5A75-D116-73176704FDB7}.Debug|Any CPU.Build.0 = Debug|Any CPU
		{935E374B-678D-5A75-D116-73176704FDB7}.Debug|x64.ActiveCfg = Debug|Any CPU
		{935E374B-678D-5A75-D116-73176704FDB7}.Debug|x64.Build.0 = Debug|Any CPU
		{935E374B-678D-5A75-D116-73176704FDB7}.Debug|x86.ActiveCfg = Debug|Any CPU
		{935E374B-678D-5A75-D116-73176704FDB7}.Debug|x86.Build.0 = Debug|Any CPU
		{935E374B-678D-5A75-D116-73176704FDB7}.Release|Any CPU.ActiveCfg = Release|Any CPU
		{935E374B-678D-5A75-D116-73176704FDB7}.Release|Any CPU.Build.0 = Release|Any CPU
		{935E374B-678D-5A75-D116-73176704FDB7}.Release|x64.ActiveCfg = Release|Any CPU
		{935E374B-678D-5A75-D116-73176704FDB7}.Release|x64.Build.0 = Release|Any CPU
		{935E374B-678D-5A75-D116-73176704FDB7}.Release|x86.ActiveCfg = Release|Any CPU
		{935E374B-678D-5A75-D116-73176704FDB7}.Release|x86.Build.0 = Release|Any CPU
		{B4113209-60E0-B76A-12D5-92446849F043}.Debug|Any CPU.ActiveCfg = Debug|Any CPU
		{B4113209-60E0-B76A-12D5-92446849F043}.Debug|Any CPU.Build.0 = Debug|Any CPU
		{B4113209-60E0-B76A-12D5-92446849F043}.Debug|x64.ActiveCfg = Debug|Any CPU
		{B4113209-60E0-B76A-12D5-92446849F043}.Debug|x64.Build.0 = Debug|Any CPU
		{B4113209-60E0-B76A-12D5-92446849F043}.Debug|x86.ActiveCfg = Debug|Any CPU
		{B4113209-60E0-B76A-12D5-92446849F043}.Debug|x86.Build.0 = Debug|Any CPU
		{B4113209-60E0-B76A-12D5-92446849F043}.Release|Any CPU.ActiveCfg = Release|Any CPU
		{B4113209-60E0-B76A-12D5-92446849F043}.Release|Any CPU.Build.0 = Release|Any CPU
		{B4113209-60E0-B76A-12D5-92446849F043}.Release|x64.ActiveCfg = Release|Any CPU
		{B4113209-60E0-B76A-12D5-92446849F043}.Release|x64.Build.0 = Release|Any CPU
		{B4113209-60E0-B76A-12D5-92446849F043}.Release|x86.ActiveCfg = Release|Any CPU
		{B4113209-60E0-B76A-12D5-92446849F043}.Release|x86.Build.0 = Release|Any CPU
		{E08774F0-F93C-C7DF-C1BB-A5A50A27FE15}.Debug|Any CPU.ActiveCfg = Debug|Any CPU
		{E08774F0-F93C-C7DF-C1BB-A5A50A27FE15}.Debug|Any CPU.Build.0 = Debug|Any CPU
		{E08774F0-F93C-C7DF-C1BB-A5A50A27FE15}.Debug|x64.ActiveCfg = Debug|Any CPU
		{E08774F0-F93C-C7DF-C1BB-A5A50A27FE15}.Debug|x64.Build.0 = Debug|Any CPU
		{E08774F0-F93C-C7DF-C1BB-A5A50A27FE15}.Debug|x86.ActiveCfg = Debug|Any CPU
		{E08774F0-F93C-C7DF-C1BB-A5A50A27FE15}.Debug|x86.Build.0 = Debug|Any CPU
		{E08774F0-F93C-C7DF-C1BB-A5A50A27FE15}.Release|Any CPU.ActiveCfg = Release|Any CPU
		{E08774F0-F93C-C7DF-C1BB-A5A50A27FE15}.Release|Any CPU.Build.0 = Release|Any CPU
		{E08774F0-F93C-C7DF-C1BB-A5A50A27FE15}.Release|x64.ActiveCfg = Release|Any CPU
		{E08774F0-F93C-C7DF-C1BB-A5A50A27FE15}.Release|x64.Build.0 = Release|Any CPU
		{E08774F0-F93C-C7DF-C1BB-A5A50A27FE15}.Release|x86.ActiveCfg = Release|Any CPU
		{E08774F0-F93C-C7DF-C1BB-A5A50A27FE15}.Release|x86.Build.0 = Release|Any CPU
		{47AF9426-9C98-B09C-A3F4-4BA78A6F2F5A}.Debug|Any CPU.ActiveCfg = Debug|Any CPU
		{47AF9426-9C98-B09C-A3F4-4BA78A6F2F5A}.Debug|Any CPU.Build.0 = Debug|Any CPU
		{47AF9426-9C98-B09C-A3F4-4BA78A6F2F5A}.Debug|x64.ActiveCfg = Debug|Any CPU
		{47AF9426-9C98-B09C-A3F4-4BA78A6F2F5A}.Debug|x64.Build.0 = Debug|Any CPU
		{47AF9426-9C98-B09C-A3F4-4BA78A6F2F5A}.Debug|x86.ActiveCfg = Debug|Any CPU
		{47AF9426-9C98-B09C-A3F4-4BA78A6F2F5A}.Debug|x86.Build.0 = Debug|Any CPU
		{47AF9426-9C98-B09C-A3F4-4BA78A6F2F5A}.Release|Any CPU.ActiveCfg = Release|Any CPU
		{47AF9426-9C98-B09C-A3F4-4BA78A6F2F5A}.Release|Any CPU.Build.0 = Release|Any CPU
		{47AF9426-9C98-B09C-A3F4-4BA78A6F2F5A}.Release|x64.ActiveCfg = Release|Any CPU
		{47AF9426-9C98-B09C-A3F4-4BA78A6F2F5A}.Release|x64.Build.0 = Release|Any CPU
		{47AF9426-9C98-B09C-A3F4-4BA78A6F2F5A}.Release|x86.ActiveCfg = Release|Any CPU
		{47AF9426-9C98-B09C-A3F4-4BA78A6F2F5A}.Release|x86.Build.0 = Release|Any CPU
		{8045EBE6-902F-18A1-463E-21AF889B6587}.Debug|Any CPU.ActiveCfg = Debug|Any CPU
		{8045EBE6-902F-18A1-463E-21AF889B6587}.Debug|Any CPU.Build.0 = Debug|Any CPU
		{8045EBE6-902F-18A1-463E-21AF889B6587}.Debug|x64.ActiveCfg = Debug|Any CPU
		{8045EBE6-902F-18A1-463E-21AF889B6587}.Debug|x64.Build.0 = Debug|Any CPU
		{8045EBE6-902F-18A1-463E-21AF889B6587}.Debug|x86.ActiveCfg = Debug|Any CPU
		{8045EBE6-902F-18A1-463E-21AF889B6587}.Debug|x86.Build.0 = Debug|Any CPU
		{8045EBE6-902F-18A1-463E-21AF889B6587}.Release|Any CPU.ActiveCfg = Release|Any CPU
		{8045EBE6-902F-18A1-463E-21AF889B6587}.Release|Any CPU.Build.0 = Release|Any CPU
		{8045EBE6-902F-18A1-463E-21AF889B6587}.Release|x64.ActiveCfg = Release|Any CPU
		{8045EBE6-902F-18A1-463E-21AF889B6587}.Release|x64.Build.0 = Release|Any CPU
		{8045EBE6-902F-18A1-463E-21AF889B6587}.Release|x86.ActiveCfg = Release|Any CPU
		{8045EBE6-902F-18A1-463E-21AF889B6587}.Release|x86.Build.0 = Release|Any CPU
		{578CAF4C-5B3E-00B3-231E-BCADAA814CE6}.Debug|Any CPU.ActiveCfg = Debug|Any CPU
		{578CAF4C-5B3E-00B3-231E-BCADAA814CE6}.Debug|Any CPU.Build.0 = Debug|Any CPU
		{578CAF4C-5B3E-00B3-231E-BCADAA814CE6}.Debug|x64.ActiveCfg = Debug|Any CPU
		{578CAF4C-5B3E-00B3-231E-BCADAA814CE6}.Debug|x64.Build.0 = Debug|Any CPU
		{578CAF4C-5B3E-00B3-231E-BCADAA814CE6}.Debug|x86.ActiveCfg = Debug|Any CPU
		{578CAF4C-5B3E-00B3-231E-BCADAA814CE6}.Debug|x86.Build.0 = Debug|Any CPU
		{578CAF4C-5B3E-00B3-231E-BCADAA814CE6}.Release|Any CPU.ActiveCfg = Release|Any CPU
		{578CAF4C-5B3E-00B3-231E-BCADAA814CE6}.Release|Any CPU.Build.0 = Release|Any CPU
		{578CAF4C-5B3E-00B3-231E-BCADAA814CE6}.Release|x64.ActiveCfg = Release|Any CPU
		{578CAF4C-5B3E-00B3-231E-BCADAA814CE6}.Release|x64.Build.0 = Release|Any CPU
		{578CAF4C-5B3E-00B3-231E-BCADAA814CE6}.Release|x86.ActiveCfg = Release|Any CPU
		{578CAF4C-5B3E-00B3-231E-BCADAA814CE6}.Release|x86.Build.0 = Release|Any CPU
		{5A502EDB-203C-01B5-E020-0DD71D4F197C}.Debug|Any CPU.ActiveCfg = Debug|Any CPU
		{5A502EDB-203C-01B5-E020-0DD71D4F197C}.Debug|Any CPU.Build.0 = Debug|Any CPU
		{5A502EDB-203C-01B5-E020-0DD71D4F197C}.Debug|x64.ActiveCfg = Debug|Any CPU
		{5A502EDB-203C-01B5-E020-0DD71D4F197C}.Debug|x64.Build.0 = Debug|Any CPU
		{5A502EDB-203C-01B5-E020-0DD71D4F197C}.Debug|x86.ActiveCfg = Debug|Any CPU
		{5A502EDB-203C-01B5-E020-0DD71D4F197C}.Debug|x86.Build.0 = Debug|Any CPU
		{5A502EDB-203C-01B5-E020-0DD71D4F197C}.Release|Any CPU.ActiveCfg = Release|Any CPU
		{5A502EDB-203C-01B5-E020-0DD71D4F197C}.Release|Any CPU.Build.0 = Release|Any CPU
		{5A502EDB-203C-01B5-E020-0DD71D4F197C}.Release|x64.ActiveCfg = Release|Any CPU
		{5A502EDB-203C-01B5-E020-0DD71D4F197C}.Release|x64.Build.0 = Release|Any CPU
		{5A502EDB-203C-01B5-E020-0DD71D4F197C}.Release|x86.ActiveCfg = Release|Any CPU
		{5A502EDB-203C-01B5-E020-0DD71D4F197C}.Release|x86.Build.0 = Release|Any CPU
		{445E84B4-C803-ADD2-B810-E8260371AA05}.Debug|Any CPU.ActiveCfg = Debug|Any CPU
		{445E84B4-C803-ADD2-B810-E8260371AA05}.Debug|Any CPU.Build.0 = Debug|Any CPU
		{445E84B4-C803-ADD2-B810-E8260371AA05}.Debug|x64.ActiveCfg = Debug|Any CPU
		{445E84B4-C803-ADD2-B810-E8260371AA05}.Debug|x64.Build.0 = Debug|Any CPU
		{445E84B4-C803-ADD2-B810-E8260371AA05}.Debug|x86.ActiveCfg = Debug|Any CPU
		{445E84B4-C803-ADD2-B810-E8260371AA05}.Debug|x86.Build.0 = Debug|Any CPU
		{445E84B4-C803-ADD2-B810-E8260371AA05}.Release|Any CPU.ActiveCfg = Release|Any CPU
		{445E84B4-C803-ADD2-B810-E8260371AA05}.Release|Any CPU.Build.0 = Release|Any CPU
		{445E84B4-C803-ADD2-B810-E8260371AA05}.Release|x64.ActiveCfg = Release|Any CPU
		{445E84B4-C803-ADD2-B810-E8260371AA05}.Release|x64.Build.0 = Release|Any CPU
		{445E84B4-C803-ADD2-B810-E8260371AA05}.Release|x86.ActiveCfg = Release|Any CPU
		{445E84B4-C803-ADD2-B810-E8260371AA05}.Release|x86.Build.0 = Release|Any CPU
		{383D16D9-2C61-E741-018C-3FF28C8BCC15}.Debug|Any CPU.ActiveCfg = Debug|Any CPU
		{383D16D9-2C61-E741-018C-3FF28C8BCC15}.Debug|Any CPU.Build.0 = Debug|Any CPU
		{383D16D9-2C61-E741-018C-3FF28C8BCC15}.Debug|x64.ActiveCfg = Debug|Any CPU
		{383D16D9-2C61-E741-018C-3FF28C8BCC15}.Debug|x64.Build.0 = Debug|Any CPU
		{383D16D9-2C61-E741-018C-3FF28C8BCC15}.Debug|x86.ActiveCfg = Debug|Any CPU
		{383D16D9-2C61-E741-018C-3FF28C8BCC15}.Debug|x86.Build.0 = Debug|Any CPU
		{383D16D9-2C61-E741-018C-3FF28C8BCC15}.Release|Any CPU.ActiveCfg = Release|Any CPU
		{383D16D9-2C61-E741-018C-3FF28C8BCC15}.Release|Any CPU.Build.0 = Release|Any CPU
		{383D16D9-2C61-E741-018C-3FF28C8BCC15}.Release|x64.ActiveCfg = Release|Any CPU
		{383D16D9-2C61-E741-018C-3FF28C8BCC15}.Release|x64.Build.0 = Release|Any CPU
		{383D16D9-2C61-E741-018C-3FF28C8BCC15}.Release|x86.ActiveCfg = Release|Any CPU
		{383D16D9-2C61-E741-018C-3FF28C8BCC15}.Release|x86.Build.0 = Release|Any CPU
		{18870C01-D536-71B9-273F-B41A0C96CB1C}.Debug|Any CPU.ActiveCfg = Debug|Any CPU
		{18870C01-D536-71B9-273F-B41A0C96CB1C}.Debug|Any CPU.Build.0 = Debug|Any CPU
		{18870C01-D536-71B9-273F-B41A0C96CB1C}.Debug|x64.ActiveCfg = Debug|Any CPU
		{18870C01-D536-71B9-273F-B41A0C96CB1C}.Debug|x64.Build.0 = Debug|Any CPU
		{18870C01-D536-71B9-273F-B41A0C96CB1C}.Debug|x86.ActiveCfg = Debug|Any CPU
		{18870C01-D536-71B9-273F-B41A0C96CB1C}.Debug|x86.Build.0 = Debug|Any CPU
		{18870C01-D536-71B9-273F-B41A0C96CB1C}.Release|Any CPU.ActiveCfg = Release|Any CPU
		{18870C01-D536-71B9-273F-B41A0C96CB1C}.Release|Any CPU.Build.0 = Release|Any CPU
		{18870C01-D536-71B9-273F-B41A0C96CB1C}.Release|x64.ActiveCfg = Release|Any CPU
		{18870C01-D536-71B9-273F-B41A0C96CB1C}.Release|x64.Build.0 = Release|Any CPU
		{18870C01-D536-71B9-273F-B41A0C96CB1C}.Release|x86.ActiveCfg = Release|Any CPU
		{18870C01-D536-71B9-273F-B41A0C96CB1C}.Release|x86.Build.0 = Release|Any CPU
		{10586A58-C2EA-C153-416D-9D491605F499}.Debug|Any CPU.ActiveCfg = Debug|Any CPU
		{10586A58-C2EA-C153-416D-9D491605F499}.Debug|Any CPU.Build.0 = Debug|Any CPU
		{10586A58-C2EA-C153-416D-9D491605F499}.Debug|x64.ActiveCfg = Debug|Any CPU
		{10586A58-C2EA-C153-416D-9D491605F499}.Debug|x64.Build.0 = Debug|Any CPU
		{10586A58-C2EA-C153-416D-9D491605F499}.Debug|x86.ActiveCfg = Debug|Any CPU
		{10586A58-C2EA-C153-416D-9D491605F499}.Debug|x86.Build.0 = Debug|Any CPU
		{10586A58-C2EA-C153-416D-9D491605F499}.Release|Any CPU.ActiveCfg = Release|Any CPU
		{10586A58-C2EA-C153-416D-9D491605F499}.Release|Any CPU.Build.0 = Release|Any CPU
		{10586A58-C2EA-C153-416D-9D491605F499}.Release|x64.ActiveCfg = Release|Any CPU
		{10586A58-C2EA-C153-416D-9D491605F499}.Release|x64.Build.0 = Release|Any CPU
		{10586A58-C2EA-C153-416D-9D491605F499}.Release|x86.ActiveCfg = Release|Any CPU
		{10586A58-C2EA-C153-416D-9D491605F499}.Release|x86.Build.0 = Release|Any CPU
		{41A5739D-23B5-4D28-2D86-9270D78CD103}.Debug|Any CPU.ActiveCfg = Debug|Any CPU
		{41A5739D-23B5-4D28-2D86-9270D78CD103}.Debug|Any CPU.Build.0 = Debug|Any CPU
		{41A5739D-23B5-4D28-2D86-9270D78CD103}.Debug|x64.ActiveCfg = Debug|Any CPU
		{41A5739D-23B5-4D28-2D86-9270D78CD103}.Debug|x64.Build.0 = Debug|Any CPU
		{41A5739D-23B5-4D28-2D86-9270D78CD103}.Debug|x86.ActiveCfg = Debug|Any CPU
		{41A5739D-23B5-4D28-2D86-9270D78CD103}.Debug|x86.Build.0 = Debug|Any CPU
		{41A5739D-23B5-4D28-2D86-9270D78CD103}.Release|Any CPU.ActiveCfg = Release|Any CPU
		{41A5739D-23B5-4D28-2D86-9270D78CD103}.Release|Any CPU.Build.0 = Release|Any CPU
		{41A5739D-23B5-4D28-2D86-9270D78CD103}.Release|x64.ActiveCfg = Release|Any CPU
		{41A5739D-23B5-4D28-2D86-9270D78CD103}.Release|x64.Build.0 = Release|Any CPU
		{41A5739D-23B5-4D28-2D86-9270D78CD103}.Release|x86.ActiveCfg = Release|Any CPU
		{41A5739D-23B5-4D28-2D86-9270D78CD103}.Release|x86.Build.0 = Release|Any CPU
		{BB734BF6-C665-3D1A-9120-6516FEF08F63}.Debug|Any CPU.ActiveCfg = Debug|Any CPU
		{BB734BF6-C665-3D1A-9120-6516FEF08F63}.Debug|Any CPU.Build.0 = Debug|Any CPU
		{BB734BF6-C665-3D1A-9120-6516FEF08F63}.Debug|x64.ActiveCfg = Debug|Any CPU
		{BB734BF6-C665-3D1A-9120-6516FEF08F63}.Debug|x64.Build.0 = Debug|Any CPU
		{BB734BF6-C665-3D1A-9120-6516FEF08F63}.Debug|x86.ActiveCfg = Debug|Any CPU
		{BB734BF6-C665-3D1A-9120-6516FEF08F63}.Debug|x86.Build.0 = Debug|Any CPU
		{BB734BF6-C665-3D1A-9120-6516FEF08F63}.Release|Any CPU.ActiveCfg = Release|Any CPU
		{BB734BF6-C665-3D1A-9120-6516FEF08F63}.Release|Any CPU.Build.0 = Release|Any CPU
		{BB734BF6-C665-3D1A-9120-6516FEF08F63}.Release|x64.ActiveCfg = Release|Any CPU
		{BB734BF6-C665-3D1A-9120-6516FEF08F63}.Release|x64.Build.0 = Release|Any CPU
		{BB734BF6-C665-3D1A-9120-6516FEF08F63}.Release|x86.ActiveCfg = Release|Any CPU
		{BB734BF6-C665-3D1A-9120-6516FEF08F63}.Release|x86.Build.0 = Release|Any CPU
		{A7266F79-BDBB-4803-AEA5-729636EA24E2}.Debug|Any CPU.ActiveCfg = Debug|Any CPU
		{A7266F79-BDBB-4803-AEA5-729636EA24E2}.Debug|Any CPU.Build.0 = Debug|Any CPU
		{A7266F79-BDBB-4803-AEA5-729636EA24E2}.Debug|x64.ActiveCfg = Debug|Any CPU
		{A7266F79-BDBB-4803-AEA5-729636EA24E2}.Debug|x64.Build.0 = Debug|Any CPU
		{A7266F79-BDBB-4803-AEA5-729636EA24E2}.Debug|x86.ActiveCfg = Debug|Any CPU
		{A7266F79-BDBB-4803-AEA5-729636EA24E2}.Debug|x86.Build.0 = Debug|Any CPU
		{A7266F79-BDBB-4803-AEA5-729636EA24E2}.Release|Any CPU.ActiveCfg = Release|Any CPU
		{A7266F79-BDBB-4803-AEA5-729636EA24E2}.Release|Any CPU.Build.0 = Release|Any CPU
		{A7266F79-BDBB-4803-AEA5-729636EA24E2}.Release|x64.ActiveCfg = Release|Any CPU
		{A7266F79-BDBB-4803-AEA5-729636EA24E2}.Release|x64.Build.0 = Release|Any CPU
		{A7266F79-BDBB-4803-AEA5-729636EA24E2}.Release|x86.ActiveCfg = Release|Any CPU
		{A7266F79-BDBB-4803-AEA5-729636EA24E2}.Release|x86.Build.0 = Release|Any CPU
		{55C7F355-7BA5-46FF-8DB7-BCAA98DD5C63}.Debug|Any CPU.ActiveCfg = Debug|Any CPU
		{55C7F355-7BA5-46FF-8DB7-BCAA98DD5C63}.Debug|Any CPU.Build.0 = Debug|Any CPU
		{55C7F355-7BA5-46FF-8DB7-BCAA98DD5C63}.Debug|x64.ActiveCfg = Debug|Any CPU
		{55C7F355-7BA5-46FF-8DB7-BCAA98DD5C63}.Debug|x64.Build.0 = Debug|Any CPU
		{55C7F355-7BA5-46FF-8DB7-BCAA98DD5C63}.Debug|x86.ActiveCfg = Debug|Any CPU
		{55C7F355-7BA5-46FF-8DB7-BCAA98DD5C63}.Debug|x86.Build.0 = Debug|Any CPU
		{55C7F355-7BA5-46FF-8DB7-BCAA98DD5C63}.Release|Any CPU.ActiveCfg = Release|Any CPU
		{55C7F355-7BA5-46FF-8DB7-BCAA98DD5C63}.Release|Any CPU.Build.0 = Release|Any CPU
		{55C7F355-7BA5-46FF-8DB7-BCAA98DD5C63}.Release|x64.ActiveCfg = Release|Any CPU
		{55C7F355-7BA5-46FF-8DB7-BCAA98DD5C63}.Release|x64.Build.0 = Release|Any CPU
		{55C7F355-7BA5-46FF-8DB7-BCAA98DD5C63}.Release|x86.ActiveCfg = Release|Any CPU
		{55C7F355-7BA5-46FF-8DB7-BCAA98DD5C63}.Release|x86.Build.0 = Release|Any CPU
		{8D704C7E-7A98-B086-C363-B34FA177B43C}.Debug|Any CPU.ActiveCfg = Debug|Any CPU
		{8D704C7E-7A98-B086-C363-B34FA177B43C}.Debug|Any CPU.Build.0 = Debug|Any CPU
		{8D704C7E-7A98-B086-C363-B34FA177B43C}.Debug|x64.ActiveCfg = Debug|Any CPU
		{8D704C7E-7A98-B086-C363-B34FA177B43C}.Debug|x64.Build.0 = Debug|Any CPU
		{8D704C7E-7A98-B086-C363-B34FA177B43C}.Debug|x86.ActiveCfg = Debug|Any CPU
		{8D704C7E-7A98-B086-C363-B34FA177B43C}.Debug|x86.Build.0 = Debug|Any CPU
		{8D704C7E-7A98-B086-C363-B34FA177B43C}.Release|Any CPU.ActiveCfg = Release|Any CPU
		{8D704C7E-7A98-B086-C363-B34FA177B43C}.Release|Any CPU.Build.0 = Release|Any CPU
		{8D704C7E-7A98-B086-C363-B34FA177B43C}.Release|x64.ActiveCfg = Release|Any CPU
		{8D704C7E-7A98-B086-C363-B34FA177B43C}.Release|x64.Build.0 = Release|Any CPU
		{8D704C7E-7A98-B086-C363-B34FA177B43C}.Release|x86.ActiveCfg = Release|Any CPU
		{8D704C7E-7A98-B086-C363-B34FA177B43C}.Release|x86.Build.0 = Release|Any CPU
		{33EB943C-C168-418D-863E-19CCEE71D993}.Debug|Any CPU.ActiveCfg = Debug|Any CPU
		{33EB943C-C168-418D-863E-19CCEE71D993}.Debug|Any CPU.Build.0 = Debug|Any CPU
		{33EB943C-C168-418D-863E-19CCEE71D993}.Debug|x64.ActiveCfg = Debug|Any CPU
		{33EB943C-C168-418D-863E-19CCEE71D993}.Debug|x64.Build.0 = Debug|Any CPU
		{33EB943C-C168-418D-863E-19CCEE71D993}.Debug|x86.ActiveCfg = Debug|Any CPU
		{33EB943C-C168-418D-863E-19CCEE71D993}.Debug|x86.Build.0 = Debug|Any CPU
		{33EB943C-C168-418D-863E-19CCEE71D993}.Release|Any CPU.ActiveCfg = Release|Any CPU
		{33EB943C-C168-418D-863E-19CCEE71D993}.Release|Any CPU.Build.0 = Release|Any CPU
		{33EB943C-C168-418D-863E-19CCEE71D993}.Release|x64.ActiveCfg = Release|Any CPU
		{33EB943C-C168-418D-863E-19CCEE71D993}.Release|x64.Build.0 = Release|Any CPU
		{33EB943C-C168-418D-863E-19CCEE71D993}.Release|x86.ActiveCfg = Release|Any CPU
		{33EB943C-C168-418D-863E-19CCEE71D993}.Release|x86.Build.0 = Release|Any CPU
		{AB51E388-0C07-4493-887B-17E47A0D506A}.Debug|Any CPU.ActiveCfg = Debug|Any CPU
		{AB51E388-0C07-4493-887B-17E47A0D506A}.Debug|Any CPU.Build.0 = Debug|Any CPU
		{AB51E388-0C07-4493-887B-17E47A0D506A}.Debug|x64.ActiveCfg = Debug|Any CPU
		{AB51E388-0C07-4493-887B-17E47A0D506A}.Debug|x64.Build.0 = Debug|Any CPU
		{AB51E388-0C07-4493-887B-17E47A0D506A}.Debug|x86.ActiveCfg = Debug|Any CPU
		{AB51E388-0C07-4493-887B-17E47A0D506A}.Debug|x86.Build.0 = Debug|Any CPU
		{AB51E388-0C07-4493-887B-17E47A0D506A}.Release|Any CPU.ActiveCfg = Release|Any CPU
		{AB51E388-0C07-4493-887B-17E47A0D506A}.Release|Any CPU.Build.0 = Release|Any CPU
		{AB51E388-0C07-4493-887B-17E47A0D506A}.Release|x64.ActiveCfg = Release|Any CPU
		{AB51E388-0C07-4493-887B-17E47A0D506A}.Release|x64.Build.0 = Release|Any CPU
		{AB51E388-0C07-4493-887B-17E47A0D506A}.Release|x86.ActiveCfg = Release|Any CPU
		{AB51E388-0C07-4493-887B-17E47A0D506A}.Release|x86.Build.0 = Release|Any CPU
		{109669F4-F26E-47F7-854D-A2B064B50D6B}.Debug|Any CPU.ActiveCfg = Debug|Any CPU
		{109669F4-F26E-47F7-854D-A2B064B50D6B}.Debug|Any CPU.Build.0 = Debug|Any CPU
		{109669F4-F26E-47F7-854D-A2B064B50D6B}.Debug|x64.ActiveCfg = Debug|Any CPU
		{109669F4-F26E-47F7-854D-A2B064B50D6B}.Debug|x64.Build.0 = Debug|Any CPU
		{109669F4-F26E-47F7-854D-A2B064B50D6B}.Debug|x86.ActiveCfg = Debug|Any CPU
		{109669F4-F26E-47F7-854D-A2B064B50D6B}.Debug|x86.Build.0 = Debug|Any CPU
		{109669F4-F26E-47F7-854D-A2B064B50D6B}.Release|Any CPU.ActiveCfg = Release|Any CPU
		{109669F4-F26E-47F7-854D-A2B064B50D6B}.Release|Any CPU.Build.0 = Release|Any CPU
		{109669F4-F26E-47F7-854D-A2B064B50D6B}.Release|x64.ActiveCfg = Release|Any CPU
		{109669F4-F26E-47F7-854D-A2B064B50D6B}.Release|x64.Build.0 = Release|Any CPU
		{109669F4-F26E-47F7-854D-A2B064B50D6B}.Release|x86.ActiveCfg = Release|Any CPU
		{109669F4-F26E-47F7-854D-A2B064B50D6B}.Release|x86.Build.0 = Release|Any CPU
		{1C4BA948-0E87-4D0D-8B77-01F92A0FA656}.Debug|Any CPU.ActiveCfg = Debug|Any CPU
		{1C4BA948-0E87-4D0D-8B77-01F92A0FA656}.Debug|Any CPU.Build.0 = Debug|Any CPU
		{1C4BA948-0E87-4D0D-8B77-01F92A0FA656}.Debug|x64.ActiveCfg = Debug|Any CPU
		{1C4BA948-0E87-4D0D-8B77-01F92A0FA656}.Debug|x64.Build.0 = Debug|Any CPU
		{1C4BA948-0E87-4D0D-8B77-01F92A0FA656}.Debug|x86.ActiveCfg = Debug|Any CPU
		{1C4BA948-0E87-4D0D-8B77-01F92A0FA656}.Debug|x86.Build.0 = Debug|Any CPU
		{1C4BA948-0E87-4D0D-8B77-01F92A0FA656}.Release|Any CPU.ActiveCfg = Release|Any CPU
		{1C4BA948-0E87-4D0D-8B77-01F92A0FA656}.Release|Any CPU.Build.0 = Release|Any CPU
		{1C4BA948-0E87-4D0D-8B77-01F92A0FA656}.Release|x64.ActiveCfg = Release|Any CPU
		{1C4BA948-0E87-4D0D-8B77-01F92A0FA656}.Release|x64.Build.0 = Release|Any CPU
		{1C4BA948-0E87-4D0D-8B77-01F92A0FA656}.Release|x86.ActiveCfg = Release|Any CPU
		{1C4BA948-0E87-4D0D-8B77-01F92A0FA656}.Release|x86.Build.0 = Release|Any CPU
		{0BA70E78-8B25-43A7-AC67-D49A205FF32A}.Debug|Any CPU.ActiveCfg = Debug|Any CPU
		{0BA70E78-8B25-43A7-AC67-D49A205FF32A}.Debug|Any CPU.Build.0 = Debug|Any CPU
		{0BA70E78-8B25-43A7-AC67-D49A205FF32A}.Debug|x64.ActiveCfg = Debug|Any CPU
		{0BA70E78-8B25-43A7-AC67-D49A205FF32A}.Debug|x64.Build.0 = Debug|Any CPU
		{0BA70E78-8B25-43A7-AC67-D49A205FF32A}.Debug|x86.ActiveCfg = Debug|Any CPU
		{0BA70E78-8B25-43A7-AC67-D49A205FF32A}.Debug|x86.Build.0 = Debug|Any CPU
		{0BA70E78-8B25-43A7-AC67-D49A205FF32A}.Release|Any CPU.ActiveCfg = Release|Any CPU
		{0BA70E78-8B25-43A7-AC67-D49A205FF32A}.Release|Any CPU.Build.0 = Release|Any CPU
		{0BA70E78-8B25-43A7-AC67-D49A205FF32A}.Release|x64.ActiveCfg = Release|Any CPU
		{0BA70E78-8B25-43A7-AC67-D49A205FF32A}.Release|x64.Build.0 = Release|Any CPU
		{0BA70E78-8B25-43A7-AC67-D49A205FF32A}.Release|x86.ActiveCfg = Release|Any CPU
		{0BA70E78-8B25-43A7-AC67-D49A205FF32A}.Release|x86.Build.0 = Release|Any CPU
		{9619EB68-AA89-4625-BB43-BA79FA6E6617}.Debug|Any CPU.ActiveCfg = Debug|Any CPU
		{9619EB68-AA89-4625-BB43-BA79FA6E6617}.Debug|Any CPU.Build.0 = Debug|Any CPU
		{9619EB68-AA89-4625-BB43-BA79FA6E6617}.Debug|x64.ActiveCfg = Debug|Any CPU
		{9619EB68-AA89-4625-BB43-BA79FA6E6617}.Debug|x64.Build.0 = Debug|Any CPU
		{9619EB68-AA89-4625-BB43-BA79FA6E6617}.Debug|x86.ActiveCfg = Debug|Any CPU
		{9619EB68-AA89-4625-BB43-BA79FA6E6617}.Debug|x86.Build.0 = Debug|Any CPU
		{9619EB68-AA89-4625-BB43-BA79FA6E6617}.Release|Any CPU.ActiveCfg = Release|Any CPU
		{9619EB68-AA89-4625-BB43-BA79FA6E6617}.Release|Any CPU.Build.0 = Release|Any CPU
		{9619EB68-AA89-4625-BB43-BA79FA6E6617}.Release|x64.ActiveCfg = Release|Any CPU
		{9619EB68-AA89-4625-BB43-BA79FA6E6617}.Release|x64.Build.0 = Release|Any CPU
		{9619EB68-AA89-4625-BB43-BA79FA6E6617}.Release|x86.ActiveCfg = Release|Any CPU
		{9619EB68-AA89-4625-BB43-BA79FA6E6617}.Release|x86.Build.0 = Release|Any CPU
		{D953C138-EF9F-443A-ACA3-7AC1D95DFC6E}.Debug|Any CPU.ActiveCfg = Debug|Any CPU
		{D953C138-EF9F-443A-ACA3-7AC1D95DFC6E}.Debug|Any CPU.Build.0 = Debug|Any CPU
		{D953C138-EF9F-443A-ACA3-7AC1D95DFC6E}.Debug|x64.ActiveCfg = Debug|Any CPU
		{D953C138-EF9F-443A-ACA3-7AC1D95DFC6E}.Debug|x64.Build.0 = Debug|Any CPU
		{D953C138-EF9F-443A-ACA3-7AC1D95DFC6E}.Debug|x86.ActiveCfg = Debug|Any CPU
		{D953C138-EF9F-443A-ACA3-7AC1D95DFC6E}.Debug|x86.Build.0 = Debug|Any CPU
		{D953C138-EF9F-443A-ACA3-7AC1D95DFC6E}.Release|Any CPU.ActiveCfg = Release|Any CPU
		{D953C138-EF9F-443A-ACA3-7AC1D95DFC6E}.Release|Any CPU.Build.0 = Release|Any CPU
		{D953C138-EF9F-443A-ACA3-7AC1D95DFC6E}.Release|x64.ActiveCfg = Release|Any CPU
		{D953C138-EF9F-443A-ACA3-7AC1D95DFC6E}.Release|x64.Build.0 = Release|Any CPU
		{D953C138-EF9F-443A-ACA3-7AC1D95DFC6E}.Release|x86.ActiveCfg = Release|Any CPU
		{D953C138-EF9F-443A-ACA3-7AC1D95DFC6E}.Release|x86.Build.0 = Release|Any CPU
		{5EB85D2E-E420-4074-A607-D3352F657307}.Debug|Any CPU.ActiveCfg = Debug|Any CPU
		{5EB85D2E-E420-4074-A607-D3352F657307}.Debug|Any CPU.Build.0 = Debug|Any CPU
		{5EB85D2E-E420-4074-A607-D3352F657307}.Debug|x64.ActiveCfg = Debug|Any CPU
		{5EB85D2E-E420-4074-A607-D3352F657307}.Debug|x64.Build.0 = Debug|Any CPU
		{5EB85D2E-E420-4074-A607-D3352F657307}.Debug|x86.ActiveCfg = Debug|Any CPU
		{5EB85D2E-E420-4074-A607-D3352F657307}.Debug|x86.Build.0 = Debug|Any CPU
		{5EB85D2E-E420-4074-A607-D3352F657307}.Release|Any CPU.ActiveCfg = Release|Any CPU
		{5EB85D2E-E420-4074-A607-D3352F657307}.Release|Any CPU.Build.0 = Release|Any CPU
		{5EB85D2E-E420-4074-A607-D3352F657307}.Release|x64.ActiveCfg = Release|Any CPU
		{5EB85D2E-E420-4074-A607-D3352F657307}.Release|x64.Build.0 = Release|Any CPU
		{5EB85D2E-E420-4074-A607-D3352F657307}.Release|x86.ActiveCfg = Release|Any CPU
		{5EB85D2E-E420-4074-A607-D3352F657307}.Release|x86.Build.0 = Release|Any CPU
		{797D75CC-1EA1-40CF-8966-D23633853165}.Debug|Any CPU.ActiveCfg = Debug|Any CPU
		{797D75CC-1EA1-40CF-8966-D23633853165}.Debug|Any CPU.Build.0 = Debug|Any CPU
		{797D75CC-1EA1-40CF-8966-D23633853165}.Debug|x64.ActiveCfg = Debug|Any CPU
		{797D75CC-1EA1-40CF-8966-D23633853165}.Debug|x64.Build.0 = Debug|Any CPU
		{797D75CC-1EA1-40CF-8966-D23633853165}.Debug|x86.ActiveCfg = Debug|Any CPU
		{797D75CC-1EA1-40CF-8966-D23633853165}.Debug|x86.Build.0 = Debug|Any CPU
		{797D75CC-1EA1-40CF-8966-D23633853165}.Release|Any CPU.ActiveCfg = Release|Any CPU
		{797D75CC-1EA1-40CF-8966-D23633853165}.Release|Any CPU.Build.0 = Release|Any CPU
		{797D75CC-1EA1-40CF-8966-D23633853165}.Release|x64.ActiveCfg = Release|Any CPU
		{797D75CC-1EA1-40CF-8966-D23633853165}.Release|x64.Build.0 = Release|Any CPU
		{797D75CC-1EA1-40CF-8966-D23633853165}.Release|x86.ActiveCfg = Release|Any CPU
		{797D75CC-1EA1-40CF-8966-D23633853165}.Release|x86.Build.0 = Release|Any CPU
		{277C9723-403B-4B24-8A30-35A2D67A4D1F}.Debug|Any CPU.ActiveCfg = Debug|Any CPU
		{277C9723-403B-4B24-8A30-35A2D67A4D1F}.Debug|Any CPU.Build.0 = Debug|Any CPU
		{277C9723-403B-4B24-8A30-35A2D67A4D1F}.Debug|x64.ActiveCfg = Debug|Any CPU
		{277C9723-403B-4B24-8A30-35A2D67A4D1F}.Debug|x64.Build.0 = Debug|Any CPU
		{277C9723-403B-4B24-8A30-35A2D67A4D1F}.Debug|x86.ActiveCfg = Debug|Any CPU
		{277C9723-403B-4B24-8A30-35A2D67A4D1F}.Debug|x86.Build.0 = Debug|Any CPU
		{277C9723-403B-4B24-8A30-35A2D67A4D1F}.Release|Any CPU.ActiveCfg = Release|Any CPU
		{277C9723-403B-4B24-8A30-35A2D67A4D1F}.Release|Any CPU.Build.0 = Release|Any CPU
		{277C9723-403B-4B24-8A30-35A2D67A4D1F}.Release|x64.ActiveCfg = Release|Any CPU
		{277C9723-403B-4B24-8A30-35A2D67A4D1F}.Release|x64.Build.0 = Release|Any CPU
		{277C9723-403B-4B24-8A30-35A2D67A4D1F}.Release|x86.ActiveCfg = Release|Any CPU
		{277C9723-403B-4B24-8A30-35A2D67A4D1F}.Release|x86.Build.0 = Release|Any CPU
		{34A09D0D-A152-46A9-A673-95CB56B69397}.Debug|Any CPU.ActiveCfg = Debug|Any CPU
		{34A09D0D-A152-46A9-A673-95CB56B69397}.Debug|Any CPU.Build.0 = Debug|Any CPU
		{34A09D0D-A152-46A9-A673-95CB56B69397}.Debug|x64.ActiveCfg = Debug|Any CPU
		{34A09D0D-A152-46A9-A673-95CB56B69397}.Debug|x64.Build.0 = Debug|Any CPU
		{34A09D0D-A152-46A9-A673-95CB56B69397}.Debug|x86.ActiveCfg = Debug|Any CPU
		{34A09D0D-A152-46A9-A673-95CB56B69397}.Debug|x86.Build.0 = Debug|Any CPU
		{34A09D0D-A152-46A9-A673-95CB56B69397}.Release|Any CPU.ActiveCfg = Release|Any CPU
		{34A09D0D-A152-46A9-A673-95CB56B69397}.Release|Any CPU.Build.0 = Release|Any CPU
		{34A09D0D-A152-46A9-A673-95CB56B69397}.Release|x64.ActiveCfg = Release|Any CPU
		{34A09D0D-A152-46A9-A673-95CB56B69397}.Release|x64.Build.0 = Release|Any CPU
		{34A09D0D-A152-46A9-A673-95CB56B69397}.Release|x86.ActiveCfg = Release|Any CPU
		{34A09D0D-A152-46A9-A673-95CB56B69397}.Release|x86.Build.0 = Release|Any CPU
		{75843038-B434-4E3C-B320-28BE5A9EE62C}.Debug|Any CPU.ActiveCfg = Debug|Any CPU
		{75843038-B434-4E3C-B320-28BE5A9EE62C}.Debug|Any CPU.Build.0 = Debug|Any CPU
		{75843038-B434-4E3C-B320-28BE5A9EE62C}.Debug|x64.ActiveCfg = Debug|Any CPU
		{75843038-B434-4E3C-B320-28BE5A9EE62C}.Debug|x64.Build.0 = Debug|Any CPU
		{75843038-B434-4E3C-B320-28BE5A9EE62C}.Debug|x86.ActiveCfg = Debug|Any CPU
		{75843038-B434-4E3C-B320-28BE5A9EE62C}.Debug|x86.Build.0 = Debug|Any CPU
		{75843038-B434-4E3C-B320-28BE5A9EE62C}.Release|Any CPU.ActiveCfg = Release|Any CPU
		{75843038-B434-4E3C-B320-28BE5A9EE62C}.Release|Any CPU.Build.0 = Release|Any CPU
		{75843038-B434-4E3C-B320-28BE5A9EE62C}.Release|x64.ActiveCfg = Release|Any CPU
		{75843038-B434-4E3C-B320-28BE5A9EE62C}.Release|x64.Build.0 = Release|Any CPU
		{75843038-B434-4E3C-B320-28BE5A9EE62C}.Release|x86.ActiveCfg = Release|Any CPU
		{75843038-B434-4E3C-B320-28BE5A9EE62C}.Release|x86.Build.0 = Release|Any CPU
	EndGlobalSection
	GlobalSection(SolutionProperties) = preSolution
		HideSolutionNode = FALSE
	EndGlobalSection
	GlobalSection(NestedProjects) = preSolution
		{603DB080-B2F3-179A-9D8D-4EAC9A4BF7F9} = {827E0CD3-B72D-47B6-A68D-7590B98EB39B}
		{794C4A96-8E3C-2908-3642-442F6EBE3203} = {827E0CD3-B72D-47B6-A68D-7590B98EB39B}
		{40292AF1-C35B-147B-B561-DB49114A8732} = {827E0CD3-B72D-47B6-A68D-7590B98EB39B}
		{131D45D3-8FDD-C56F-8254-005FD01794CC} = {827E0CD3-B72D-47B6-A68D-7590B98EB39B}
		{DD3276BC-B557-360D-7065-BDBA2A998033} = {827E0CD3-B72D-47B6-A68D-7590B98EB39B}
		{572FC1A4-8AF7-AAA0-FB0E-18DD081EBE55} = {827E0CD3-B72D-47B6-A68D-7590B98EB39B}
		{13C2223F-6447-4F19-B570-DB2DEBFDD790} = {0AB3BF05-4346-4AA6-1389-037BE0695223}
		{43E8A985-1FC8-4EB5-89E8-353C5B4F8D91} = {0AB3BF05-4346-4AA6-1389-037BE0695223}
		{8E835227-BC73-4E35-BAEC-5F55A34F13F2} = {0AB3BF05-4346-4AA6-1389-037BE0695223}
		{AA38D5A7-B087-4BAD-9642-75C9F126FEA3} = {0AB3BF05-4346-4AA6-1389-037BE0695223}
		{A6FECA44-E4C0-4C91-ADCA-E2741D52DA8E} = {5D20AA90-6969-D8BD-9DCD-8634F4692FDA}
		{D8FC98D0-0E03-42CD-BB1C-C3B4BE650DB0} = {5D20AA90-6969-D8BD-9DCD-8634F4692FDA}
		{02EA681E-C7D8-13C7-8484-4AC65E1B71E8} = {827E0CD3-B72D-47B6-A68D-7590B98EB39B}
		{2F5BF320-EE22-4460-96D2-AAD387D0D453} = {827E0CD3-B72D-47B6-A68D-7590B98EB39B}
		{3A3BC3A6-93C4-41A7-9E51-6788ECF257F5} = {2F5BF320-EE22-4460-96D2-AAD387D0D453}
		{6E718AEF-83BF-4DE5-BDF1-A8497DF12D68} = {2F5BF320-EE22-4460-96D2-AAD387D0D453}
		{9D8517F1-FD7F-44E9-B0F3-417E59DF3462} = {2F5BF320-EE22-4460-96D2-AAD387D0D453}
		{B22C25C4-3669-463B-A7B3-AEDDFA9E4550} = {2F5BF320-EE22-4460-96D2-AAD387D0D453}
		{F1392744-B007-BF53-58C2-E5A75B9AB179} = {603DB080-B2F3-179A-9D8D-4EAC9A4BF7F9}
		{935E374B-678D-5A75-D116-73176704FDB7} = {40292AF1-C35B-147B-B561-DB49114A8732}
		{B4113209-60E0-B76A-12D5-92446849F043} = {40292AF1-C35B-147B-B561-DB49114A8732}
		{E08774F0-F93C-C7DF-C1BB-A5A50A27FE15} = {40292AF1-C35B-147B-B561-DB49114A8732}
		{47AF9426-9C98-B09C-A3F4-4BA78A6F2F5A} = {40292AF1-C35B-147B-B561-DB49114A8732}
		{8045EBE6-902F-18A1-463E-21AF889B6587} = {40292AF1-C35B-147B-B561-DB49114A8732}
		{578CAF4C-5B3E-00B3-231E-BCADAA814CE6} = {131D45D3-8FDD-C56F-8254-005FD01794CC}
		{5A502EDB-203C-01B5-E020-0DD71D4F197C} = {DD3276BC-B557-360D-7065-BDBA2A998033}
		{445E84B4-C803-ADD2-B810-E8260371AA05} = {DD3276BC-B557-360D-7065-BDBA2A998033}
		{383D16D9-2C61-E741-018C-3FF28C8BCC15} = {DD3276BC-B557-360D-7065-BDBA2A998033}
		{18870C01-D536-71B9-273F-B41A0C96CB1C} = {572FC1A4-8AF7-AAA0-FB0E-18DD081EBE55}
		{10586A58-C2EA-C153-416D-9D491605F499} = {02EA681E-C7D8-13C7-8484-4AC65E1B71E8}
		{41A5739D-23B5-4D28-2D86-9270D78CD103} = {3A3BC3A6-93C4-41A7-9E51-6788ECF257F5}
		{BB734BF6-C665-3D1A-9120-6516FEF08F63} = {40292AF1-C35B-147B-B561-DB49114A8732}
		{A7266F79-BDBB-4803-AEA5-729636EA24E2} = {794C4A96-8E3C-2908-3642-442F6EBE3203}
		{55C7F355-7BA5-46FF-8DB7-BCAA98DD5C63} = {DD3276BC-B557-360D-7065-BDBA2A998033}
		{8D704C7E-7A98-B086-C363-B34FA177B43C} = {131D45D3-8FDD-C56F-8254-005FD01794CC}
		{33EB943C-C168-418D-863E-19CCEE71D993} = {131D45D3-8FDD-C56F-8254-005FD01794CC}
		{AB51E388-0C07-4493-887B-17E47A0D506A} = {07C2787E-EAC7-C090-1BA3-A61EC2A24D84}
		{109669F4-F26E-47F7-854D-A2B064B50D6B} = {572FC1A4-8AF7-AAA0-FB0E-18DD081EBE55}
		{1C4BA948-0E87-4D0D-8B77-01F92A0FA656} = {DD3276BC-B557-360D-7065-BDBA2A998033}
		{0BA70E78-8B25-43A7-AC67-D49A205FF32A} = {6E718AEF-83BF-4DE5-BDF1-A8497DF12D68}
		{9619EB68-AA89-4625-BB43-BA79FA6E6617} = {07C2787E-EAC7-C090-1BA3-A61EC2A24D84}
		{D953C138-EF9F-443A-ACA3-7AC1D95DFC6E} = {6E718AEF-83BF-4DE5-BDF1-A8497DF12D68}
		{5EB85D2E-E420-4074-A607-D3352F657307} = {827E0CD3-B72D-47B6-A68D-7590B98EB39B}
		{797D75CC-1EA1-40CF-8966-D23633853165} = {0AB3BF05-4346-4AA6-1389-037BE0695223}
		{277C9723-403B-4B24-8A30-35A2D67A4D1F} = {5D20AA90-6969-D8BD-9DCD-8634F4692FDA}
		{34A09D0D-A152-46A9-A673-95CB56B69397} = {827E0CD3-B72D-47B6-A68D-7590B98EB39B}
		{75843038-B434-4E3C-B320-28BE5A9EE62C} = {827E0CD3-B72D-47B6-A68D-7590B98EB39B}
	EndGlobalSection
	GlobalSection(ExtensibilityGlobals) = postSolution
		SolutionGuid = {24B441DE-4891-477B-8CE5-942636436AF8}
	EndGlobalSection
EndGlobal
