
Microsoft Visual Studio Solution File, Format Version 12.00
# Visual Studio Version 17
VisualStudioVersion = 17.0.31903.59
MinimumVisualStudioVersion = 10.0.40219.1
Project("{2150E333-8FDC-42A3-9474-1A3956D46DE8}") = "src", "src", "{827E0CD3-B72D-47B6-A68D-7590B98EB39B}"
EndProject
Project("{2150E333-8FDC-42A3-9474-1A3956D46DE8}") = "1.Core", "1.Core", "{603DB080-B2F3-179A-9D8D-4EAC9A4BF7F9}"
EndProject
Project("{FAE04EC0-301F-11D3-BF4B-00C04F79EFBC}") = "Atlas.Core", "src\1.Core\Atlas.Core\Atlas.Core.csproj", "{3C32D8F3-1971-423B-AA94-FCAA55AEDDA0}"
EndProject
Project("{2150E333-8FDC-42A3-9474-1A3956D46DE8}") = "2.Models", "2.Models", "{794C4A96-8E3C-2908-3642-442F6EBE3203}"
EndProject
Project("{FAE04EC0-301F-11D3-BF4B-00C04F79EFBC}") = "Atlas.Models.Global", "src\2.Models\Atlas.Models.Global\Atlas.Models.Global.csproj", "{464347DE-B349-4EB5-8A69-0301D7662379}"
EndProject
Project("{2150E333-8FDC-42A3-9474-1A3956D46DE8}") = "3.Data", "3.Data", "{40292AF1-C35B-147B-B561-DB49114A8732}"
EndProject
Project("{FAE04EC0-301F-11D3-BF4B-00C04F79EFBC}") = "Atlas.Data.Abstractions", "src\3.Data\Atlas.Data.Abstractions\Atlas.Data.Abstractions.csproj", "{71EDE316-332F-4449-B900-1363B77C976D}"
EndProject
Project("{FAE04EC0-301F-11D3-BF4B-00C04F79EFBC}") = "Atlas.Data.Global", "src\3.Data\Atlas.Data.Global\Atlas.Data.Global.csproj", "{85697524-C189-476A-85AC-F0CC37B84560}"
EndProject
Project("{FAE04EC0-301F-11D3-BF4B-00C04F79EFBC}") = "Atlas.Data.Global.Migrations", "src\3.Data\Atlas.Data.Global.Migrations\Atlas.Data.Global.Migrations.csproj", "{407A7A39-3112-44F5-A2A2-79F25A313400}"
EndProject
Project("{FAE04EC0-301F-11D3-BF4B-00C04F79EFBC}") = "Atlas.Data.Tenant", "src\3.Data\Atlas.Data.Tenant\Atlas.Data.Tenant.csproj", "{516C6B2E-28BE-4204-A908-E56DCA9FED14}"
EndProject
Project("{FAE04EC0-301F-11D3-BF4B-00C04F79EFBC}") = "Atlas.Data.Tenant.Migrations", "src\3.Data\Atlas.Data.Tenant.Migrations\Atlas.Data.Tenant.Migrations.csproj", "{392A692B-54F0-4980-AF8F-8A6C266F9B95}"
EndProject
Project("{2150E333-8FDC-42A3-9474-1A3956D46DE8}") = "4.Services", "4.Services", "{131D45D3-8FDD-C56F-8254-005FD01794CC}"
EndProject
Project("{FAE04EC0-301F-11D3-BF4B-00C04F79EFBC}") = "Atlas.Services.Abstractions", "src\4.Services\Atlas.Services.Abstractions\Atlas.Services.Abstractions.csproj", "{8713C9F7-731D-441E-8FBF-E7E92BDED0F2}"
EndProject
Project("{FAE04EC0-301F-11D3-BF4B-00C04F79EFBC}") = "Atlas.Services", "src\4.Services\Atlas.Services\Atlas.Services.csproj", "{C51F7234-DB86-4886-AB35-955976D39BEE}"
EndProject
Project("{2150E333-8FDC-42A3-9474-1A3956D46DE8}") = "5.Infrastructure", "5.Infrastructure", "{DD3276BC-B557-360D-7065-BDBA2A998033}"
EndProject
Project("{FAE04EC0-301F-11D3-BF4B-00C04F79EFBC}") = "Atlas.Infrastructure.Caching", "src\5.Infrastructure\Atlas.Infrastructure.Caching\Atlas.Infrastructure.Caching.csproj", "{E22863E1-C968-4B83-9892-84967B55EFF6}"
EndProject
Project("{FAE04EC0-301F-11D3-BF4B-00C04F79EFBC}") = "Atlas.Infrastructure.Logging", "src\5.Infrastructure\Atlas.Infrastructure.Logging\Atlas.Infrastructure.Logging.csproj", "{C8481EF9-9408-41AA-8195-273186CF9404}"
EndProject
Project("{FAE04EC0-301F-11D3-BF4B-00C04F79EFBC}") = "Atlas.Infrastructure.Security", "src\5.Infrastructure\Atlas.Infrastructure.Security\Atlas.Infrastructure.Security.csproj", "{C10FB181-0E96-4297-9A62-9685BF89B39F}"
EndProject
Project("{2150E333-8FDC-42A3-9474-1A3956D46DE8}") = "6.Messaging", "6.Messaging", "{572FC1A4-8AF7-AAA0-FB0E-18DD081EBE55}"
EndProject
Project("{FAE04EC0-301F-11D3-BF4B-00C04F79EFBC}") = "Atlas.Messaging.Abstractions", "src\6.Messaging\Atlas.Messaging.Abstractions\Atlas.Messaging.Abstractions.csproj", "{E1C78888-B813-4B8E-8525-FF71DEDC3F08}"
EndProject
Project("{FAE04EC0-301F-11D3-BF4B-00C04F79EFBC}") = "Atlas.Messaging.Redis", "src\6.Messaging\Atlas.Messaging.Redis\Atlas.Messaging.Redis.csproj", "{DE72A556-AF4A-4261-B13D-AEAAB505B126}"
EndProject
Project("{2150E333-8FDC-42A3-9474-1A3956D46DE8}") = "tests", "tests", "{0AB3BF05-4346-4AA6-1389-037BE0695223}"
EndProject
Project("{FAE04EC0-301F-11D3-BF4B-00C04F79EFBC}") = "Atlas.Core.Tests", "tests\Atlas.Core.Tests\Atlas.Core.Tests.csproj", "{13C2223F-6447-4F19-B570-DB2DEBFDD790}"
EndProject
Project("{FAE04EC0-301F-11D3-BF4B-00C04F79EFBC}") = "Atlas.Data.Tests", "tests\Atlas.Data.Tests\Atlas.Data.Tests.csproj", "{43E8A985-1FC8-4EB5-89E8-353C5B4F8D91}"
EndProject
Project("{FAE04EC0-301F-11D3-BF4B-00C04F79EFBC}") = "Atlas.Services.Tests", "tests\Atlas.Services.Tests\Atlas.Services.Tests.csproj", "{8E835227-BC73-4E35-BAEC-5F55A34F13F2}"
EndProject
Project("{FAE04EC0-301F-11D3-BF4B-00C04F79EFBC}") = "Atlas.Integration.Tests", "tests\Atlas.Integration.Tests\Atlas.Integration.Tests.csproj", "{AA38D5A7-B087-4BAD-9642-75C9F126FEA3}"
EndProject
Project("{2150E333-8FDC-42A3-9474-1A3956D46DE8}") = "samples", "samples", "{5D20AA90-6969-D8BD-9DCD-8634F4692FDA}"
EndProject
Project("{FAE04EC0-301F-11D3-BF4B-00C04F79EFBC}") = "Atlas.Sample.WebApi", "samples\Atlas.Sample.WebApi\Atlas.Sample.WebApi.csproj", "{A6FECA44-E4C0-4C91-ADCA-E2741D52DA8E}"
EndProject
Project("{FAE04EC0-301F-11D3-BF4B-00C04F79EFBC}") = "Atlas.Sample.Console", "samples\Atlas.Sample.Console\Atlas.Sample.Console.csproj", "{D8FC98D0-0E03-42CD-BB1C-C3B4BE650DB0}"
EndProject
Global
	GlobalSection(SolutionConfigurationPlatforms) = preSolution
		Debug|Any CPU = Debug|Any CPU
		Debug|x64 = Debug|x64
		Debug|x86 = Debug|x86
		Release|Any CPU = Release|Any CPU
		Release|x64 = Release|x64
		Release|x86 = Release|x86
	EndGlobalSection
	GlobalSection(ProjectConfigurationPlatforms) = postSolution
		{3C32D8F3-1971-423B-AA94-FCAA55AEDDA0}.Debug|Any CPU.ActiveCfg = Debug|Any CPU
		{3C32D8F3-1971-423B-AA94-FCAA55AEDDA0}.Debug|Any CPU.Build.0 = Debug|Any CPU
		{3C32D8F3-1971-423B-AA94-FCAA55AEDDA0}.Debug|x64.ActiveCfg = Debug|Any CPU
		{3C32D8F3-1971-423B-AA94-FCAA55AEDDA0}.Debug|x64.Build.0 = Debug|Any CPU
		{3C32D8F3-1971-423B-AA94-FCAA55AEDDA0}.Debug|x86.ActiveCfg = Debug|Any CPU
		{3C32D8F3-1971-423B-AA94-FCAA55AEDDA0}.Debug|x86.Build.0 = Debug|Any CPU
		{3C32D8F3-1971-423B-AA94-FCAA55AEDDA0}.Release|Any CPU.ActiveCfg = Release|Any CPU
		{3C32D8F3-1971-423B-AA94-FCAA55AEDDA0}.Release|Any CPU.Build.0 = Release|Any CPU
		{3C32D8F3-1971-423B-AA94-FCAA55AEDDA0}.Release|x64.ActiveCfg = Release|Any CPU
		{3C32D8F3-1971-423B-AA94-FCAA55AEDDA0}.Release|x64.Build.0 = Release|Any CPU
		{3C32D8F3-1971-423B-AA94-FCAA55AEDDA0}.Release|x86.ActiveCfg = Release|Any CPU
		{3C32D8F3-1971-423B-AA94-FCAA55AEDDA0}.Release|x86.Build.0 = Release|Any CPU
		{464347DE-B349-4EB5-8A69-0301D7662379}.Debug|Any CPU.ActiveCfg = Debug|Any CPU
		{464347DE-B349-4EB5-8A69-0301D7662379}.Debug|Any CPU.Build.0 = Debug|Any CPU
		{464347DE-B349-4EB5-8A69-0301D7662379}.Debug|x64.ActiveCfg = Debug|Any CPU
		{464347DE-B349-4EB5-8A69-0301D7662379}.Debug|x64.Build.0 = Debug|Any CPU
		{464347DE-B349-4EB5-8A69-0301D7662379}.Debug|x86.ActiveCfg = Debug|Any CPU
		{464347DE-B349-4EB5-8A69-0301D7662379}.Debug|x86.Build.0 = Debug|Any CPU
		{464347DE-B349-4EB5-8A69-0301D7662379}.Release|Any CPU.ActiveCfg = Release|Any CPU
		{464347DE-B349-4EB5-8A69-0301D7662379}.Release|Any CPU.Build.0 = Release|Any CPU
		{464347DE-B349-4EB5-8A69-0301D7662379}.Release|x64.ActiveCfg = Release|Any CPU
		{464347DE-B349-4EB5-8A69-0301D7662379}.Release|x64.Build.0 = Release|Any CPU
		{464347DE-B349-4EB5-8A69-0301D7662379}.Release|x86.ActiveCfg = Release|Any CPU
		{464347DE-B349-4EB5-8A69-0301D7662379}.Release|x86.Build.0 = Release|Any CPU
		{71EDE316-332F-4449-B900-1363B77C976D}.Debug|Any CPU.ActiveCfg = Debug|Any CPU
		{71EDE316-332F-4449-B900-1363B77C976D}.Debug|Any CPU.Build.0 = Debug|Any CPU
		{71EDE316-332F-4449-B900-1363B77C976D}.Debug|x64.ActiveCfg = Debug|Any CPU
		{71EDE316-332F-4449-B900-1363B77C976D}.Debug|x64.Build.0 = Debug|Any CPU
		{71EDE316-332F-4449-B900-1363B77C976D}.Debug|x86.ActiveCfg = Debug|Any CPU
		{71EDE316-332F-4449-B900-1363B77C976D}.Debug|x86.Build.0 = Debug|Any CPU
		{71EDE316-332F-4449-B900-1363B77C976D}.Release|Any CPU.ActiveCfg = Release|Any CPU
		{71EDE316-332F-4449-B900-1363B77C976D}.Release|Any CPU.Build.0 = Release|Any CPU
		{71EDE316-332F-4449-B900-1363B77C976D}.Release|x64.ActiveCfg = Release|Any CPU
		{71EDE316-332F-4449-B900-1363B77C976D}.Release|x64.Build.0 = Release|Any CPU
		{71EDE316-332F-4449-B900-1363B77C976D}.Release|x86.ActiveCfg = Release|Any CPU
		{71EDE316-332F-4449-B900-1363B77C976D}.Release|x86.Build.0 = Release|Any CPU
		{85697524-C189-476A-85AC-F0CC37B84560}.Debug|Any CPU.ActiveCfg = Debug|Any CPU
		{85697524-C189-476A-85AC-F0CC37B84560}.Debug|Any CPU.Build.0 = Debug|Any CPU
		{85697524-C189-476A-85AC-F0CC37B84560}.Debug|x64.ActiveCfg = Debug|Any CPU
		{85697524-C189-476A-85AC-F0CC37B84560}.Debug|x64.Build.0 = Debug|Any CPU
		{85697524-C189-476A-85AC-F0CC37B84560}.Debug|x86.ActiveCfg = Debug|Any CPU
		{85697524-C189-476A-85AC-F0CC37B84560}.Debug|x86.Build.0 = Debug|Any CPU
		{85697524-C189-476A-85AC-F0CC37B84560}.Release|Any CPU.ActiveCfg = Release|Any CPU
		{85697524-C189-476A-85AC-F0CC37B84560}.Release|Any CPU.Build.0 = Release|Any CPU
		{85697524-C189-476A-85AC-F0CC37B84560}.Release|x64.ActiveCfg = Release|Any CPU
		{85697524-C189-476A-85AC-F0CC37B84560}.Release|x64.Build.0 = Release|Any CPU
		{85697524-C189-476A-85AC-F0CC37B84560}.Release|x86.ActiveCfg = Release|Any CPU
		{85697524-C189-476A-85AC-F0CC37B84560}.Release|x86.Build.0 = Release|Any CPU
		{407A7A39-3112-44F5-A2A2-79F25A313400}.Debug|Any CPU.ActiveCfg = Debug|Any CPU
		{407A7A39-3112-44F5-A2A2-79F25A313400}.Debug|Any CPU.Build.0 = Debug|Any CPU
		{407A7A39-3112-44F5-A2A2-79F25A313400}.Debug|x64.ActiveCfg = Debug|Any CPU
		{407A7A39-3112-44F5-A2A2-79F25A313400}.Debug|x64.Build.0 = Debug|Any CPU
		{407A7A39-3112-44F5-A2A2-79F25A313400}.Debug|x86.ActiveCfg = Debug|Any CPU
		{407A7A39-3112-44F5-A2A2-79F25A313400}.Debug|x86.Build.0 = Debug|Any CPU
		{407A7A39-3112-44F5-A2A2-79F25A313400}.Release|Any CPU.ActiveCfg = Release|Any CPU
		{407A7A39-3112-44F5-A2A2-79F25A313400}.Release|Any CPU.Build.0 = Release|Any CPU
		{407A7A39-3112-44F5-A2A2-79F25A313400}.Release|x64.ActiveCfg = Release|Any CPU
		{407A7A39-3112-44F5-A2A2-79F25A313400}.Release|x64.Build.0 = Release|Any CPU
		{407A7A39-3112-44F5-A2A2-79F25A313400}.Release|x86.ActiveCfg = Release|Any CPU
		{407A7A39-3112-44F5-A2A2-79F25A313400}.Release|x86.Build.0 = Release|Any CPU
		{516C6B2E-28BE-4204-A908-E56DCA9FED14}.Debug|Any CPU.ActiveCfg = Debug|Any CPU
		{516C6B2E-28BE-4204-A908-E56DCA9FED14}.Debug|Any CPU.Build.0 = Debug|Any CPU
		{516C6B2E-28BE-4204-A908-E56DCA9FED14}.Debug|x64.ActiveCfg = Debug|Any CPU
		{516C6B2E-28BE-4204-A908-E56DCA9FED14}.Debug|x64.Build.0 = Debug|Any CPU
		{516C6B2E-28BE-4204-A908-E56DCA9FED14}.Debug|x86.ActiveCfg = Debug|Any CPU
		{516C6B2E-28BE-4204-A908-E56DCA9FED14}.Debug|x86.Build.0 = Debug|Any CPU
		{516C6B2E-28BE-4204-A908-E56DCA9FED14}.Release|Any CPU.ActiveCfg = Release|Any CPU
		{516C6B2E-28BE-4204-A908-E56DCA9FED14}.Release|Any CPU.Build.0 = Release|Any CPU
		{516C6B2E-28BE-4204-A908-E56DCA9FED14}.Release|x64.ActiveCfg = Release|Any CPU
		{516C6B2E-28BE-4204-A908-E56DCA9FED14}.Release|x64.Build.0 = Release|Any CPU
		{516C6B2E-28BE-4204-A908-E56DCA9FED14}.Release|x86.ActiveCfg = Release|Any CPU
		{516C6B2E-28BE-4204-A908-E56DCA9FED14}.Release|x86.Build.0 = Release|Any CPU
		{392A692B-54F0-4980-AF8F-8A6C266F9B95}.Debug|Any CPU.ActiveCfg = Debug|Any CPU
		{392A692B-54F0-4980-AF8F-8A6C266F9B95}.Debug|Any CPU.Build.0 = Debug|Any CPU
		{392A692B-54F0-4980-AF8F-8A6C266F9B95}.Debug|x64.ActiveCfg = Debug|Any CPU
		{392A692B-54F0-4980-AF8F-8A6C266F9B95}.Debug|x64.Build.0 = Debug|Any CPU
		{392A692B-54F0-4980-AF8F-8A6C266F9B95}.Debug|x86.ActiveCfg = Debug|Any CPU
		{392A692B-54F0-4980-AF8F-8A6C266F9B95}.Debug|x86.Build.0 = Debug|Any CPU
		{392A692B-54F0-4980-AF8F-8A6C266F9B95}.Release|Any CPU.ActiveCfg = Release|Any CPU
		{392A692B-54F0-4980-AF8F-8A6C266F9B95}.Release|Any CPU.Build.0 = Release|Any CPU
		{392A692B-54F0-4980-AF8F-8A6C266F9B95}.Release|x64.ActiveCfg = Release|Any CPU
		{392A692B-54F0-4980-AF8F-8A6C266F9B95}.Release|x64.Build.0 = Release|Any CPU
		{392A692B-54F0-4980-AF8F-8A6C266F9B95}.Release|x86.ActiveCfg = Release|Any CPU
		{392A692B-54F0-4980-AF8F-8A6C266F9B95}.Release|x86.Build.0 = Release|Any CPU
		{8713C9F7-731D-441E-8FBF-E7E92BDED0F2}.Debug|Any CPU.ActiveCfg = Debug|Any CPU
		{8713C9F7-731D-441E-8FBF-E7E92BDED0F2}.Debug|Any CPU.Build.0 = Debug|Any CPU
		{8713C9F7-731D-441E-8FBF-E7E92BDED0F2}.Debug|x64.ActiveCfg = Debug|Any CPU
		{8713C9F7-731D-441E-8FBF-E7E92BDED0F2}.Debug|x64.Build.0 = Debug|Any CPU
		{8713C9F7-731D-441E-8FBF-E7E92BDED0F2}.Debug|x86.ActiveCfg = Debug|Any CPU
		{8713C9F7-731D-441E-8FBF-E7E92BDED0F2}.Debug|x86.Build.0 = Debug|Any CPU
		{8713C9F7-731D-441E-8FBF-E7E92BDED0F2}.Release|Any CPU.ActiveCfg = Release|Any CPU
		{8713C9F7-731D-441E-8FBF-E7E92BDED0F2}.Release|Any CPU.Build.0 = Release|Any CPU
		{8713C9F7-731D-441E-8FBF-E7E92BDED0F2}.Release|x64.ActiveCfg = Release|Any CPU
		{8713C9F7-731D-441E-8FBF-E7E92BDED0F2}.Release|x64.Build.0 = Release|Any CPU
		{8713C9F7-731D-441E-8FBF-E7E92BDED0F2}.Release|x86.ActiveCfg = Release|Any CPU
		{8713C9F7-731D-441E-8FBF-E7E92BDED0F2}.Release|x86.Build.0 = Release|Any CPU
		{C51F7234-DB86-4886-AB35-955976D39BEE}.Debug|Any CPU.ActiveCfg = Debug|Any CPU
		{C51F7234-DB86-4886-AB35-955976D39BEE}.Debug|Any CPU.Build.0 = Debug|Any CPU
		{C51F7234-DB86-4886-AB35-955976D39BEE}.Debug|x64.ActiveCfg = Debug|Any CPU
		{C51F7234-DB86-4886-AB35-955976D39BEE}.Debug|x64.Build.0 = Debug|Any CPU
		{C51F7234-DB86-4886-AB35-955976D39BEE}.Debug|x86.ActiveCfg = Debug|Any CPU
		{C51F7234-DB86-4886-AB35-955976D39BEE}.Debug|x86.Build.0 = Debug|Any CPU
		{C51F7234-DB86-4886-AB35-955976D39BEE}.Release|Any CPU.ActiveCfg = Release|Any CPU
		{C51F7234-DB86-4886-AB35-955976D39BEE}.Release|Any CPU.Build.0 = Release|Any CPU
		{C51F7234-DB86-4886-AB35-955976D39BEE}.Release|x64.ActiveCfg = Release|Any CPU
		{C51F7234-DB86-4886-AB35-955976D39BEE}.Release|x64.Build.0 = Release|Any CPU
		{C51F7234-DB86-4886-AB35-955976D39BEE}.Release|x86.ActiveCfg = Release|Any CPU
		{C51F7234-DB86-4886-AB35-955976D39BEE}.Release|x86.Build.0 = Release|Any CPU
		{E22863E1-C968-4B83-9892-84967B55EFF6}.Debug|Any CPU.ActiveCfg = Debug|Any CPU
		{E22863E1-C968-4B83-9892-84967B55EFF6}.Debug|Any CPU.Build.0 = Debug|Any CPU
		{E22863E1-C968-4B83-9892-84967B55EFF6}.Debug|x64.ActiveCfg = Debug|Any CPU
		{E22863E1-C968-4B83-9892-84967B55EFF6}.Debug|x64.Build.0 = Debug|Any CPU
		{E22863E1-C968-4B83-9892-84967B55EFF6}.Debug|x86.ActiveCfg = Debug|Any CPU
		{E22863E1-C968-4B83-9892-84967B55EFF6}.Debug|x86.Build.0 = Debug|Any CPU
		{E22863E1-C968-4B83-9892-84967B55EFF6}.Release|Any CPU.ActiveCfg = Release|Any CPU
		{E22863E1-C968-4B83-9892-84967B55EFF6}.Release|Any CPU.Build.0 = Release|Any CPU
		{E22863E1-C968-4B83-9892-84967B55EFF6}.Release|x64.ActiveCfg = Release|Any CPU
		{E22863E1-C968-4B83-9892-84967B55EFF6}.Release|x64.Build.0 = Release|Any CPU
		{E22863E1-C968-4B83-9892-84967B55EFF6}.Release|x86.ActiveCfg = Release|Any CPU
		{E22863E1-C968-4B83-9892-84967B55EFF6}.Release|x86.Build.0 = Release|Any CPU
		{C8481EF9-9408-41AA-8195-273186CF9404}.Debug|Any CPU.ActiveCfg = Debug|Any CPU
		{C8481EF9-9408-41AA-8195-273186CF9404}.Debug|Any CPU.Build.0 = Debug|Any CPU
		{C8481EF9-9408-41AA-8195-273186CF9404}.Debug|x64.ActiveCfg = Debug|Any CPU
		{C8481EF9-9408-41AA-8195-273186CF9404}.Debug|x64.Build.0 = Debug|Any CPU
		{C8481EF9-9408-41AA-8195-273186CF9404}.Debug|x86.ActiveCfg = Debug|Any CPU
		{C8481EF9-9408-41AA-8195-273186CF9404}.Debug|x86.Build.0 = Debug|Any CPU
		{C8481EF9-9408-41AA-8195-273186CF9404}.Release|Any CPU.ActiveCfg = Release|Any CPU
		{C8481EF9-9408-41AA-8195-273186CF9404}.Release|Any CPU.Build.0 = Release|Any CPU
		{C8481EF9-9408-41AA-8195-273186CF9404}.Release|x64.ActiveCfg = Release|Any CPU
		{C8481EF9-9408-41AA-8195-273186CF9404}.Release|x64.Build.0 = Release|Any CPU
		{C8481EF9-9408-41AA-8195-273186CF9404}.Release|x86.ActiveCfg = Release|Any CPU
		{C8481EF9-9408-41AA-8195-273186CF9404}.Release|x86.Build.0 = Release|Any CPU
		{C10FB181-0E96-4297-9A62-9685BF89B39F}.Debug|Any CPU.ActiveCfg = Debug|Any CPU
		{C10FB181-0E96-4297-9A62-9685BF89B39F}.Debug|Any CPU.Build.0 = Debug|Any CPU
		{C10FB181-0E96-4297-9A62-9685BF89B39F}.Debug|x64.ActiveCfg = Debug|Any CPU
		{C10FB181-0E96-4297-9A62-9685BF89B39F}.Debug|x64.Build.0 = Debug|Any CPU
		{C10FB181-0E96-4297-9A62-9685BF89B39F}.Debug|x86.ActiveCfg = Debug|Any CPU
		{C10FB181-0E96-4297-9A62-9685BF89B39F}.Debug|x86.Build.0 = Debug|Any CPU
		{C10FB181-0E96-4297-9A62-9685BF89B39F}.Release|Any CPU.ActiveCfg = Release|Any CPU
		{C10FB181-0E96-4297-9A62-9685BF89B39F}.Release|Any CPU.Build.0 = Release|Any CPU
		{C10FB181-0E96-4297-9A62-9685BF89B39F}.Release|x64.ActiveCfg = Release|Any CPU
		{C10FB181-0E96-4297-9A62-9685BF89B39F}.Release|x64.Build.0 = Release|Any CPU
		{C10FB181-0E96-4297-9A62-9685BF89B39F}.Release|x86.ActiveCfg = Release|Any CPU
		{C10FB181-0E96-4297-9A62-9685BF89B39F}.Release|x86.Build.0 = Release|Any CPU
		{E1C78888-B813-4B8E-8525-FF71DEDC3F08}.Debug|Any CPU.ActiveCfg = Debug|Any CPU
		{E1C78888-B813-4B8E-8525-FF71DEDC3F08}.Debug|Any CPU.Build.0 = Debug|Any CPU
		{E1C78888-B813-4B8E-8525-FF71DEDC3F08}.Debug|x64.ActiveCfg = Debug|Any CPU
		{E1C78888-B813-4B8E-8525-FF71DEDC3F08}.Debug|x64.Build.0 = Debug|Any CPU
		{E1C78888-B813-4B8E-8525-FF71DEDC3F08}.Debug|x86.ActiveCfg = Debug|Any CPU
		{E1C78888-B813-4B8E-8525-FF71DEDC3F08}.Debug|x86.Build.0 = Debug|Any CPU
		{E1C78888-B813-4B8E-8525-FF71DEDC3F08}.Release|Any CPU.ActiveCfg = Release|Any CPU
		{E1C78888-B813-4B8E-8525-FF71DEDC3F08}.Release|Any CPU.Build.0 = Release|Any CPU
		{E1C78888-B813-4B8E-8525-FF71DEDC3F08}.Release|x64.ActiveCfg = Release|Any CPU
		{E1C78888-B813-4B8E-8525-FF71DEDC3F08}.Release|x64.Build.0 = Release|Any CPU
		{E1C78888-B813-4B8E-8525-FF71DEDC3F08}.Release|x86.ActiveCfg = Release|Any CPU
		{E1C78888-B813-4B8E-8525-FF71DEDC3F08}.Release|x86.Build.0 = Release|Any CPU
		{DE72A556-AF4A-4261-B13D-AEAAB505B126}.Debug|Any CPU.ActiveCfg = Debug|Any CPU
		{DE72A556-AF4A-4261-B13D-AEAAB505B126}.Debug|Any CPU.Build.0 = Debug|Any CPU
		{DE72A556-AF4A-4261-B13D-AEAAB505B126}.Debug|x64.ActiveCfg = Debug|Any CPU
		{DE72A556-AF4A-4261-B13D-AEAAB505B126}.Debug|x64.Build.0 = Debug|Any CPU
		{DE72A556-AF4A-4261-B13D-AEAAB505B126}.Debug|x86.ActiveCfg = Debug|Any CPU
		{DE72A556-AF4A-4261-B13D-AEAAB505B126}.Debug|x86.Build.0 = Debug|Any CPU
		{DE72A556-AF4A-4261-B13D-AEAAB505B126}.Release|Any CPU.ActiveCfg = Release|Any CPU
		{DE72A556-AF4A-4261-B13D-AEAAB505B126}.Release|Any CPU.Build.0 = Release|Any CPU
		{DE72A556-AF4A-4261-B13D-AEAAB505B126}.Release|x64.ActiveCfg = Release|Any CPU
		{DE72A556-AF4A-4261-B13D-AEAAB505B126}.Release|x64.Build.0 = Release|Any CPU
		{DE72A556-AF4A-4261-B13D-AEAAB505B126}.Release|x86.ActiveCfg = Release|Any CPU
		{DE72A556-AF4A-4261-B13D-AEAAB505B126}.Release|x86.Build.0 = Release|Any CPU
		{13C2223F-6447-4F19-B570-DB2DEBFDD790}.Debug|Any CPU.ActiveCfg = Debug|Any CPU
		{13C2223F-6447-4F19-B570-DB2DEBFDD790}.Debug|Any CPU.Build.0 = Debug|Any CPU
		{13C2223F-6447-4F19-B570-DB2DEBFDD790}.Debug|x64.ActiveCfg = Debug|Any CPU
		{13C2223F-6447-4F19-B570-DB2DEBFDD790}.Debug|x64.Build.0 = Debug|Any CPU
		{13C2223F-6447-4F19-B570-DB2DEBFDD790}.Debug|x86.ActiveCfg = Debug|Any CPU
		{13C2223F-6447-4F19-B570-DB2DEBFDD790}.Debug|x86.Build.0 = Debug|Any CPU
		{13C2223F-6447-4F19-B570-DB2DEBFDD790}.Release|Any CPU.ActiveCfg = Release|Any CPU
		{13C2223F-6447-4F19-B570-DB2DEBFDD790}.Release|Any CPU.Build.0 = Release|Any CPU
		{13C2223F-6447-4F19-B570-DB2DEBFDD790}.Release|x64.ActiveCfg = Release|Any CPU
		{13C2223F-6447-4F19-B570-DB2DEBFDD790}.Release|x64.Build.0 = Release|Any CPU
		{13C2223F-6447-4F19-B570-DB2DEBFDD790}.Release|x86.ActiveCfg = Release|Any CPU
		{13C2223F-6447-4F19-B570-DB2DEBFDD790}.Release|x86.Build.0 = Release|Any CPU
		{43E8A985-1FC8-4EB5-89E8-353C5B4F8D91}.Debug|Any CPU.ActiveCfg = Debug|Any CPU
		{43E8A985-1FC8-4EB5-89E8-353C5B4F8D91}.Debug|Any CPU.Build.0 = Debug|Any CPU
		{43E8A985-1FC8-4EB5-89E8-353C5B4F8D91}.Debug|x64.ActiveCfg = Debug|Any CPU
		{43E8A985-1FC8-4EB5-89E8-353C5B4F8D91}.Debug|x64.Build.0 = Debug|Any CPU
		{43E8A985-1FC8-4EB5-89E8-353C5B4F8D91}.Debug|x86.ActiveCfg = Debug|Any CPU
		{43E8A985-1FC8-4EB5-89E8-353C5B4F8D91}.Debug|x86.Build.0 = Debug|Any CPU
		{43E8A985-1FC8-4EB5-89E8-353C5B4F8D91}.Release|Any CPU.ActiveCfg = Release|Any CPU
		{43E8A985-1FC8-4EB5-89E8-353C5B4F8D91}.Release|Any CPU.Build.0 = Release|Any CPU
		{43E8A985-1FC8-4EB5-89E8-353C5B4F8D91}.Release|x64.ActiveCfg = Release|Any CPU
		{43E8A985-1FC8-4EB5-89E8-353C5B4F8D91}.Release|x64.Build.0 = Release|Any CPU
		{43E8A985-1FC8-4EB5-89E8-353C5B4F8D91}.Release|x86.ActiveCfg = Release|Any CPU
		{43E8A985-1FC8-4EB5-89E8-353C5B4F8D91}.Release|x86.Build.0 = Release|Any CPU
		{8E835227-BC73-4E35-BAEC-5F55A34F13F2}.Debug|Any CPU.ActiveCfg = Debug|Any CPU
		{8E835227-BC73-4E35-BAEC-5F55A34F13F2}.Debug|Any CPU.Build.0 = Debug|Any CPU
		{8E835227-BC73-4E35-BAEC-5F55A34F13F2}.Debug|x64.ActiveCfg = Debug|Any CPU
		{8E835227-BC73-4E35-BAEC-5F55A34F13F2}.Debug|x64.Build.0 = Debug|Any CPU
		{8E835227-BC73-4E35-BAEC-5F55A34F13F2}.Debug|x86.ActiveCfg = Debug|Any CPU
		{8E835227-BC73-4E35-BAEC-5F55A34F13F2}.Debug|x86.Build.0 = Debug|Any CPU
		{8E835227-BC73-4E35-BAEC-5F55A34F13F2}.Release|Any CPU.ActiveCfg = Release|Any CPU
		{8E835227-BC73-4E35-BAEC-5F55A34F13F2}.Release|Any CPU.Build.0 = Release|Any CPU
		{8E835227-BC73-4E35-BAEC-5F55A34F13F2}.Release|x64.ActiveCfg = Release|Any CPU
		{8E835227-BC73-4E35-BAEC-5F55A34F13F2}.Release|x64.Build.0 = Release|Any CPU
		{8E835227-BC73-4E35-BAEC-5F55A34F13F2}.Release|x86.ActiveCfg = Release|Any CPU
		{8E835227-BC73-4E35-BAEC-5F55A34F13F2}.Release|x86.Build.0 = Release|Any CPU
		{AA38D5A7-B087-4BAD-9642-75C9F126FEA3}.Debug|Any CPU.ActiveCfg = Debug|Any CPU
		{AA38D5A7-B087-4BAD-9642-75C9F126FEA3}.Debug|Any CPU.Build.0 = Debug|Any CPU
		{AA38D5A7-B087-4BAD-9642-75C9F126FEA3}.Debug|x64.ActiveCfg = Debug|Any CPU
		{AA38D5A7-B087-4BAD-9642-75C9F126FEA3}.Debug|x64.Build.0 = Debug|Any CPU
		{AA38D5A7-B087-4BAD-9642-75C9F126FEA3}.Debug|x86.ActiveCfg = Debug|Any CPU
		{AA38D5A7-B087-4BAD-9642-75C9F126FEA3}.Debug|x86.Build.0 = Debug|Any CPU
		{AA38D5A7-B087-4BAD-9642-75C9F126FEA3}.Release|Any CPU.ActiveCfg = Release|Any CPU
		{AA38D5A7-B087-4BAD-9642-75C9F126FEA3}.Release|Any CPU.Build.0 = Release|Any CPU
		{AA38D5A7-B087-4BAD-9642-75C9F126FEA3}.Release|x64.ActiveCfg = Release|Any CPU
		{AA38D5A7-B087-4BAD-9642-75C9F126FEA3}.Release|x64.Build.0 = Release|Any CPU
		{AA38D5A7-B087-4BAD-9642-75C9F126FEA3}.Release|x86.ActiveCfg = Release|Any CPU
		{AA38D5A7-B087-4BAD-9642-75C9F126FEA3}.Release|x86.Build.0 = Release|Any CPU
		{A6FECA44-E4C0-4C91-ADCA-E2741D52DA8E}.Debug|Any CPU.ActiveCfg = Debug|Any CPU
		{A6FECA44-E4C0-4C91-ADCA-E2741D52DA8E}.Debug|Any CPU.Build.0 = Debug|Any CPU
		{A6FECA44-E4C0-4C91-ADCA-E2741D52DA8E}.Debug|x64.ActiveCfg = Debug|Any CPU
		{A6FECA44-E4C0-4C91-ADCA-E2741D52DA8E}.Debug|x64.Build.0 = Debug|Any CPU
		{A6FECA44-E4C0-4C91-ADCA-E2741D52DA8E}.Debug|x86.ActiveCfg = Debug|Any CPU
		{A6FECA44-E4C0-4C91-ADCA-E2741D52DA8E}.Debug|x86.Build.0 = Debug|Any CPU
		{A6FECA44-E4C0-4C91-ADCA-E2741D52DA8E}.Release|Any CPU.ActiveCfg = Release|Any CPU
		{A6FECA44-E4C0-4C91-ADCA-E2741D52DA8E}.Release|Any CPU.Build.0 = Release|Any CPU
		{A6FECA44-E4C0-4C91-ADCA-E2741D52DA8E}.Release|x64.ActiveCfg = Release|Any CPU
		{A6FECA44-E4C0-4C91-ADCA-E2741D52DA8E}.Release|x64.Build.0 = Release|Any CPU
		{A6FECA44-E4C0-4C91-ADCA-E2741D52DA8E}.Release|x86.ActiveCfg = Release|Any CPU
		{A6FECA44-E4C0-4C91-ADCA-E2741D52DA8E}.Release|x86.Build.0 = Release|Any CPU
		{D8FC98D0-0E03-42CD-BB1C-C3B4BE650DB0}.Debug|Any CPU.ActiveCfg = Debug|Any CPU
		{D8FC98D0-0E03-42CD-BB1C-C3B4BE650DB0}.Debug|Any CPU.Build.0 = Debug|Any CPU
		{D8FC98D0-0E03-42CD-BB1C-C3B4BE650DB0}.Debug|x64.ActiveCfg = Debug|Any CPU
		{D8FC98D0-0E03-42CD-BB1C-C3B4BE650DB0}.Debug|x64.Build.0 = Debug|Any CPU
		{D8FC98D0-0E03-42CD-BB1C-C3B4BE650DB0}.Debug|x86.ActiveCfg = Debug|Any CPU
		{D8FC98D0-0E03-42CD-BB1C-C3B4BE650DB0}.Debug|x86.Build.0 = Debug|Any CPU
		{D8FC98D0-0E03-42CD-BB1C-C3B4BE650DB0}.Release|Any CPU.ActiveCfg = Release|Any CPU
		{D8FC98D0-0E03-42CD-BB1C-C3B4BE650DB0}.Release|Any CPU.Build.0 = Release|Any CPU
		{D8FC98D0-0E03-42CD-BB1C-C3B4BE650DB0}.Release|x64.ActiveCfg = Release|Any CPU
		{D8FC98D0-0E03-42CD-BB1C-C3B4BE650DB0}.Release|x64.Build.0 = Release|Any CPU
		{D8FC98D0-0E03-42CD-BB1C-C3B4BE650DB0}.Release|x86.ActiveCfg = Release|Any CPU
		{D8FC98D0-0E03-42CD-BB1C-C3B4BE650DB0}.Release|x86.Build.0 = Release|Any CPU
	EndGlobalSection
	GlobalSection(SolutionProperties) = preSolution
		HideSolutionNode = FALSE
	EndGlobalSection
	GlobalSection(NestedProjects) = preSolution
		{603DB080-B2F3-179A-9D8D-4EAC9A4BF7F9} = {827E0CD3-B72D-47B6-A68D-7590B98EB39B}
		{3C32D8F3-1971-423B-AA94-FCAA55AEDDA0} = {603DB080-B2F3-179A-9D8D-4EAC9A4BF7F9}
		{794C4A96-8E3C-2908-3642-442F6EBE3203} = {827E0CD3-B72D-47B6-A68D-7590B98EB39B}
		{464347DE-B349-4EB5-8A69-0301D7662379} = {794C4A96-8E3C-2908-3642-442F6EBE3203}
		{40292AF1-C35B-147B-B561-DB49114A8732} = {827E0CD3-B72D-47B6-A68D-7590B98EB39B}
		{71EDE316-332F-4449-B900-1363B77C976D} = {40292AF1-C35B-147B-B561-DB49114A8732}
		{85697524-C189-476A-85AC-F0CC37B84560} = {40292AF1-C35B-147B-B561-DB49114A8732}
		{407A7A39-3112-44F5-A2A2-79F25A313400} = {40292AF1-C35B-147B-B561-DB49114A8732}
		{516C6B2E-28BE-4204-A908-E56DCA9FED14} = {40292AF1-C35B-147B-B561-DB49114A8732}
		{392A692B-54F0-4980-AF8F-8A6C266F9B95} = {40292AF1-C35B-147B-B561-DB49114A8732}
		{131D45D3-8FDD-C56F-8254-005FD01794CC} = {827E0CD3-B72D-47B6-A68D-7590B98EB39B}
		{8713C9F7-731D-441E-8FBF-E7E92BDED0F2} = {131D45D3-8FDD-C56F-8254-005FD01794CC}
		{C51F7234-DB86-4886-AB35-955976D39BEE} = {131D45D3-8FDD-C56F-8254-005FD01794CC}
		{DD3276BC-B557-360D-7065-BDBA2A998033} = {827E0CD3-B72D-47B6-A68D-7590B98EB39B}
		{E22863E1-C968-4B83-9892-84967B55EFF6} = {DD3276BC-B557-360D-7065-BDBA2A998033}
		{C8481EF9-9408-41AA-8195-273186CF9404} = {DD3276BC-B557-360D-7065-BDBA2A998033}
		{C10FB181-0E96-4297-9A62-9685BF89B39F} = {DD3276BC-B557-360D-7065-BDBA2A998033}
		{572FC1A4-8AF7-AAA0-FB0E-18DD081EBE55} = {827E0CD3-B72D-47B6-A68D-7590B98EB39B}
		{E1C78888-B813-4B8E-8525-FF71DEDC3F08} = {572FC1A4-8AF7-AAA0-FB0E-18DD081EBE55}
		{DE72A556-AF4A-4261-B13D-AEAAB505B126} = {572FC1A4-8AF7-AAA0-FB0E-18DD081EBE55}
		{13C2223F-6447-4F19-B570-DB2DEBFDD790} = {0AB3BF05-4346-4AA6-1389-037BE0695223}
		{43E8A985-1FC8-4EB5-89E8-353C5B4F8D91} = {0AB3BF05-4346-4AA6-1389-037BE0695223}
		{8E835227-BC73-4E35-BAEC-5F55A34F13F2} = {0AB3BF05-4346-4AA6-1389-037BE0695223}
		{AA38D5A7-B087-4BAD-9642-75C9F126FEA3} = {0AB3BF05-4346-4AA6-1389-037BE0695223}
		{A6FECA44-E4C0-4C91-ADCA-E2741D52DA8E} = {5D20AA90-6969-D8BD-9DCD-8634F4692FDA}
		{D8FC98D0-0E03-42CD-BB1C-C3B4BE650DB0} = {5D20AA90-6969-D8BD-9DCD-8634F4692FDA}
	EndGlobalSection
EndGlobal
